// !$*UTF8*$!
{
	archiveVersion = 1;
	classes = {
	};
	objectVersion = 46;
	objects = {

/* Begin PBXBuildFile section */
		E1633205A450704EC5F7B81C /* Pods_RunningApp.framework in Frameworks */ = {isa = PBXBuildFile; fileRef = AB4A23F43657309C31FDA106 /* Pods_RunningApp.framework */; };
		E3031D031F80E05A002C5739 /* SettingController.swift in Sources */ = {isa = PBXBuildFile; fileRef = E3031D021F80E05A002C5739 /* SettingController.swift */; };
		E3034EA41F87BFBF00FCB026 /* Const.swift in Sources */ = {isa = PBXBuildFile; fileRef = E3034EA31F87BFBF00FCB026 /* Const.swift */; };
		E33802941F852A76007EB199 /* SettingForm.swift in Sources */ = {isa = PBXBuildFile; fileRef = E33802931F852A76007EB199 /* SettingForm.swift */; };
		E33802961F852AD1007EB199 /* SettingForm.storyboard in Resources */ = {isa = PBXBuildFile; fileRef = E33802951F852AD1007EB199 /* SettingForm.storyboard */; };
		E341882E1F794073000AB961 /* MainTabBarController.swift in Sources */ = {isa = PBXBuildFile; fileRef = E341882D1F794073000AB961 /* MainTabBarController.swift */; };
		E34188321F7944FF000AB961 /* SecondViewController.swift in Sources */ = {isa = PBXBuildFile; fileRef = E34188311F7944FF000AB961 /* SecondViewController.swift */; };
		E34188361F794AE6000AB961 /* AppSize.swift in Sources */ = {isa = PBXBuildFile; fileRef = E34188351F794AE6000AB961 /* AppSize.swift */; };
		E34188381F794E5B000AB961 /* WorkController.swift in Sources */ = {isa = PBXBuildFile; fileRef = E34188371F794E5B000AB961 /* WorkController.swift */; };
		E341883B1F795520000AB961 /* WorkController.storyboard in Resources */ = {isa = PBXBuildFile; fileRef = E341883A1F795520000AB961 /* WorkController.storyboard */; };
		E353776A1F2597D100A5D6FB /* News.swift in Sources */ = {isa = PBXBuildFile; fileRef = E35377681F2597D100A5D6FB /* News.swift */; };
		E36106171F243225004F56EC /* Home.swift in Sources */ = {isa = PBXBuildFile; fileRef = E361060F1F243225004F56EC /* Home.swift */; };
		E36106191F243225004F56EC /* MyPage.swift in Sources */ = {isa = PBXBuildFile; fileRef = E36106121F243225004F56EC /* MyPage.swift */; };
		E361062A1F24322C004F56EC /* 0.jpg in Resources */ = {isa = PBXBuildFile; fileRef = E361061D1F24322C004F56EC /* 0.jpg */; };
		E361062B1F24322C004F56EC /* 1.jpg in Resources */ = {isa = PBXBuildFile; fileRef = E361061E1F24322C004F56EC /* 1.jpg */; };
		E361062C1F24322C004F56EC /* 10.jpg in Resources */ = {isa = PBXBuildFile; fileRef = E361061F1F24322C004F56EC /* 10.jpg */; };
		E361062D1F24322C004F56EC /* 2.jpg in Resources */ = {isa = PBXBuildFile; fileRef = E36106201F24322C004F56EC /* 2.jpg */; };
		E361062E1F24322C004F56EC /* 3.jpg in Resources */ = {isa = PBXBuildFile; fileRef = E36106211F24322C004F56EC /* 3.jpg */; };
		E361062F1F24322C004F56EC /* 4.jpg in Resources */ = {isa = PBXBuildFile; fileRef = E36106221F24322C004F56EC /* 4.jpg */; };
		E36106301F24322C004F56EC /* 5.jpg in Resources */ = {isa = PBXBuildFile; fileRef = E36106231F24322C004F56EC /* 5.jpg */; };
		E36106311F24322C004F56EC /* 6.jpg in Resources */ = {isa = PBXBuildFile; fileRef = E36106241F24322C004F56EC /* 6.jpg */; };
		E36106321F24322C004F56EC /* 7.jpg in Resources */ = {isa = PBXBuildFile; fileRef = E36106251F24322C004F56EC /* 7.jpg */; };
		E36106331F24322C004F56EC /* 8.jpg in Resources */ = {isa = PBXBuildFile; fileRef = E36106261F24322C004F56EC /* 8.jpg */; };
		E36106341F24322C004F56EC /* 9.jpg in Resources */ = {isa = PBXBuildFile; fileRef = E36106271F24322C004F56EC /* 9.jpg */; };
		E36106351F24322C004F56EC /* file.png in Resources */ = {isa = PBXBuildFile; fileRef = E36106281F24322C004F56EC /* file.png */; };
		E36106361F24322C004F56EC /* nick-west.jpg in Resources */ = {isa = PBXBuildFile; fileRef = E36106291F24322C004F56EC /* nick-west.jpg */; };
		E3637D351F25DF5700C615D4 /* ContentReaderController.swift in Sources */ = {isa = PBXBuildFile; fileRef = E3637D331F25DF5700C615D4 /* ContentReaderController.swift */; };
		E3637D361F25DF5700C615D4 /* ContentReaderController.xib in Resources */ = {isa = PBXBuildFile; fileRef = E3637D341F25DF5700C615D4 /* ContentReaderController.xib */; };
		E380AB311F23735F0034EA8F /* AppDelegate.swift in Sources */ = {isa = PBXBuildFile; fileRef = E380AB301F23735F0034EA8F /* AppDelegate.swift */; };
		E380AB361F23735F0034EA8F /* Main.storyboard in Resources */ = {isa = PBXBuildFile; fileRef = E380AB341F23735F0034EA8F /* Main.storyboard */; };
		E380AB381F23735F0034EA8F /* Assets.xcassets in Resources */ = {isa = PBXBuildFile; fileRef = E380AB371F23735F0034EA8F /* Assets.xcassets */; };
		E380AB3B1F23735F0034EA8F /* LaunchScreen.storyboard in Resources */ = {isa = PBXBuildFile; fileRef = E380AB391F23735F0034EA8F /* LaunchScreen.storyboard */; };
		E380AB701F2373E70034EA8F /* MaterialViewController.swift in Sources */ = {isa = PBXBuildFile; fileRef = E380AB6E1F2373E70034EA8F /* MaterialViewController.swift */; };
		E39594061F30C574004AEB27 /* DismissAnimator.swift in Sources */ = {isa = PBXBuildFile; fileRef = E39594011F30C574004AEB27 /* DismissAnimator.swift */; };
		E39594071F30C574004AEB27 /* Interactor.swift in Sources */ = {isa = PBXBuildFile; fileRef = E39594021F30C574004AEB27 /* Interactor.swift */; };
		E39594081F30C574004AEB27 /* ModalNavigationController.swift in Sources */ = {isa = PBXBuildFile; fileRef = E39594031F30C574004AEB27 /* ModalNavigationController.swift */; };
		E39594091F30C574004AEB27 /* ModalViewController.storyboard in Resources */ = {isa = PBXBuildFile; fileRef = E39594041F30C574004AEB27 /* ModalViewController.storyboard */; };
		E395940A1F30C574004AEB27 /* ModalViewController.swift in Sources */ = {isa = PBXBuildFile; fileRef = E39594051F30C574004AEB27 /* ModalViewController.swift */; };
		E3B15B5E1F7BEEE200E17A84 /* CoreLocation.framework in Frameworks */ = {isa = PBXBuildFile; fileRef = E3B15B5D1F7BEEE200E17A84 /* CoreLocation.framework */; };
		E3CA14E81F5D91B00053468D /* HomeModel.swift in Sources */ = {isa = PBXBuildFile; fileRef = E3CA14E71F5D91B00053468D /* HomeModel.swift */; };
		E3CA14EA1F5D963E0053468D /* HomeView.swift in Sources */ = {isa = PBXBuildFile; fileRef = E3CA14E91F5D963D0053468D /* HomeView.swift */; };
		E3CA14EC1F5D98C90053468D /* HomeCustomCell.swift in Sources */ = {isa = PBXBuildFile; fileRef = E3CA14EB1F5D98C90053468D /* HomeCustomCell.swift */; };
/* End PBXBuildFile section */

/* Begin PBXFileReference section */
		58F06D7142BEEE9F74DD4C7B /* Pods-RunningApp.debug.xcconfig */ = {isa = PBXFileReference; includeInIndex = 1; lastKnownFileType = text.xcconfig; name = "Pods-RunningApp.debug.xcconfig"; path = "Pods/Target Support Files/Pods-RunningApp/Pods-RunningApp.debug.xcconfig"; sourceTree = "<group>"; };
		AB4A23F43657309C31FDA106 /* Pods_RunningApp.framework */ = {isa = PBXFileReference; explicitFileType = wrapper.framework; includeInIndex = 0; path = Pods_RunningApp.framework; sourceTree = BUILT_PRODUCTS_DIR; };
		B52ED86E09986E423E72B09E /* Pods-RunningApp.release.xcconfig */ = {isa = PBXFileReference; includeInIndex = 1; lastKnownFileType = text.xcconfig; name = "Pods-RunningApp.release.xcconfig"; path = "Pods/Target Support Files/Pods-RunningApp/Pods-RunningApp.release.xcconfig"; sourceTree = "<group>"; };
		E3031D021F80E05A002C5739 /* SettingController.swift */ = {isa = PBXFileReference; lastKnownFileType = sourcecode.swift; path = SettingController.swift; sourceTree = "<group>"; };
		E3034EA31F87BFBF00FCB026 /* Const.swift */ = {isa = PBXFileReference; lastKnownFileType = sourcecode.swift; path = Const.swift; sourceTree = "<group>"; };
		E33802931F852A76007EB199 /* SettingForm.swift */ = {isa = PBXFileReference; lastKnownFileType = sourcecode.swift; path = SettingForm.swift; sourceTree = "<group>"; };
		E33802951F852AD1007EB199 /* SettingForm.storyboard */ = {isa = PBXFileReference; lastKnownFileType = file.storyboard; path = SettingForm.storyboard; sourceTree = "<group>"; };
		E341882D1F794073000AB961 /* MainTabBarController.swift */ = {isa = PBXFileReference; fileEncoding = 4; lastKnownFileType = sourcecode.swift; path = MainTabBarController.swift; sourceTree = "<group>"; };
		E34188311F7944FF000AB961 /* SecondViewController.swift */ = {isa = PBXFileReference; fileEncoding = 4; lastKnownFileType = sourcecode.swift; path = SecondViewController.swift; sourceTree = "<group>"; };
		E34188351F794AE6000AB961 /* AppSize.swift */ = {isa = PBXFileReference; fileEncoding = 4; lastKnownFileType = sourcecode.swift; path = AppSize.swift; sourceTree = "<group>"; };
		E34188371F794E5B000AB961 /* WorkController.swift */ = {isa = PBXFileReference; fileEncoding = 4; lastKnownFileType = sourcecode.swift; path = WorkController.swift; sourceTree = "<group>"; };
		E341883A1F795520000AB961 /* WorkController.storyboard */ = {isa = PBXFileReference; fileEncoding = 4; lastKnownFileType = file.storyboard; path = WorkController.storyboard; sourceTree = "<group>"; };
		E35377681F2597D100A5D6FB /* News.swift */ = {isa = PBXFileReference; fileEncoding = 4; lastKnownFileType = sourcecode.swift; path = News.swift; sourceTree = "<group>"; };
		E361060F1F243225004F56EC /* Home.swift */ = {isa = PBXFileReference; fileEncoding = 4; lastKnownFileType = sourcecode.swift; path = Home.swift; sourceTree = "<group>"; };
		E36106121F243225004F56EC /* MyPage.swift */ = {isa = PBXFileReference; fileEncoding = 4; lastKnownFileType = sourcecode.swift; path = MyPage.swift; sourceTree = "<group>"; };
		E361061D1F24322C004F56EC /* 0.jpg */ = {isa = PBXFileReference; lastKnownFileType = image.jpeg; path = 0.jpg; sourceTree = "<group>"; };
		E361061E1F24322C004F56EC /* 1.jpg */ = {isa = PBXFileReference; lastKnownFileType = image.jpeg; path = 1.jpg; sourceTree = "<group>"; };
		E361061F1F24322C004F56EC /* 10.jpg */ = {isa = PBXFileReference; lastKnownFileType = image.jpeg; path = 10.jpg; sourceTree = "<group>"; };
		E36106201F24322C004F56EC /* 2.jpg */ = {isa = PBXFileReference; lastKnownFileType = image.jpeg; path = 2.jpg; sourceTree = "<group>"; };
		E36106211F24322C004F56EC /* 3.jpg */ = {isa = PBXFileReference; lastKnownFileType = image.jpeg; path = 3.jpg; sourceTree = "<group>"; };
		E36106221F24322C004F56EC /* 4.jpg */ = {isa = PBXFileReference; lastKnownFileType = image.jpeg; path = 4.jpg; sourceTree = "<group>"; };
		E36106231F24322C004F56EC /* 5.jpg */ = {isa = PBXFileReference; lastKnownFileType = image.jpeg; path = 5.jpg; sourceTree = "<group>"; };
		E36106241F24322C004F56EC /* 6.jpg */ = {isa = PBXFileReference; lastKnownFileType = image.jpeg; path = 6.jpg; sourceTree = "<group>"; };
		E36106251F24322C004F56EC /* 7.jpg */ = {isa = PBXFileReference; lastKnownFileType = image.jpeg; path = 7.jpg; sourceTree = "<group>"; };
		E36106261F24322C004F56EC /* 8.jpg */ = {isa = PBXFileReference; lastKnownFileType = image.jpeg; path = 8.jpg; sourceTree = "<group>"; };
		E36106271F24322C004F56EC /* 9.jpg */ = {isa = PBXFileReference; lastKnownFileType = image.jpeg; path = 9.jpg; sourceTree = "<group>"; };
		E36106281F24322C004F56EC /* file.png */ = {isa = PBXFileReference; lastKnownFileType = image.png; path = file.png; sourceTree = "<group>"; };
		E36106291F24322C004F56EC /* nick-west.jpg */ = {isa = PBXFileReference; lastKnownFileType = image.jpeg; path = "nick-west.jpg"; sourceTree = "<group>"; };
		E3637D331F25DF5700C615D4 /* ContentReaderController.swift */ = {isa = PBXFileReference; fileEncoding = 4; lastKnownFileType = sourcecode.swift; path = ContentReaderController.swift; sourceTree = "<group>"; };
		E3637D341F25DF5700C615D4 /* ContentReaderController.xib */ = {isa = PBXFileReference; fileEncoding = 4; lastKnownFileType = file.xib; path = ContentReaderController.xib; sourceTree = "<group>"; };
		E380AB2D1F23735F0034EA8F /* RunningApp.app */ = {isa = PBXFileReference; explicitFileType = wrapper.application; includeInIndex = 0; path = RunningApp.app; sourceTree = BUILT_PRODUCTS_DIR; };
		E380AB301F23735F0034EA8F /* AppDelegate.swift */ = {isa = PBXFileReference; lastKnownFileType = sourcecode.swift; path = AppDelegate.swift; sourceTree = "<group>"; };
		E380AB351F23735F0034EA8F /* Base */ = {isa = PBXFileReference; lastKnownFileType = file.storyboard; name = Base; path = Base.lproj/Main.storyboard; sourceTree = "<group>"; };
		E380AB371F23735F0034EA8F /* Assets.xcassets */ = {isa = PBXFileReference; lastKnownFileType = folder.assetcatalog; path = Assets.xcassets; sourceTree = "<group>"; };
		E380AB3A1F23735F0034EA8F /* Base */ = {isa = PBXFileReference; lastKnownFileType = file.storyboard; name = Base; path = Base.lproj/LaunchScreen.storyboard; sourceTree = "<group>"; };
		E380AB3C1F23735F0034EA8F /* Info.plist */ = {isa = PBXFileReference; lastKnownFileType = text.plist.xml; path = Info.plist; sourceTree = "<group>"; };
		E380AB6E1F2373E70034EA8F /* MaterialViewController.swift */ = {isa = PBXFileReference; fileEncoding = 4; lastKnownFileType = sourcecode.swift; path = MaterialViewController.swift; sourceTree = "<group>"; };
		E39594011F30C574004AEB27 /* DismissAnimator.swift */ = {isa = PBXFileReference; fileEncoding = 4; lastKnownFileType = sourcecode.swift; path = DismissAnimator.swift; sourceTree = "<group>"; };
		E39594021F30C574004AEB27 /* Interactor.swift */ = {isa = PBXFileReference; fileEncoding = 4; lastKnownFileType = sourcecode.swift; path = Interactor.swift; sourceTree = "<group>"; };
		E39594031F30C574004AEB27 /* ModalNavigationController.swift */ = {isa = PBXFileReference; fileEncoding = 4; lastKnownFileType = sourcecode.swift; path = ModalNavigationController.swift; sourceTree = "<group>"; };
		E39594041F30C574004AEB27 /* ModalViewController.storyboard */ = {isa = PBXFileReference; fileEncoding = 4; lastKnownFileType = file.storyboard; path = ModalViewController.storyboard; sourceTree = "<group>"; };
		E39594051F30C574004AEB27 /* ModalViewController.swift */ = {isa = PBXFileReference; fileEncoding = 4; lastKnownFileType = sourcecode.swift; path = ModalViewController.swift; sourceTree = "<group>"; };
		E3B15B5D1F7BEEE200E17A84 /* CoreLocation.framework */ = {isa = PBXFileReference; lastKnownFileType = wrapper.framework; name = CoreLocation.framework; path = System/Library/Frameworks/CoreLocation.framework; sourceTree = SDKROOT; };
		E3CA14E71F5D91B00053468D /* HomeModel.swift */ = {isa = PBXFileReference; fileEncoding = 4; lastKnownFileType = sourcecode.swift; path = HomeModel.swift; sourceTree = "<group>"; };
		E3CA14E91F5D963D0053468D /* HomeView.swift */ = {isa = PBXFileReference; fileEncoding = 4; lastKnownFileType = sourcecode.swift; path = HomeView.swift; sourceTree = "<group>"; };
		E3CA14EB1F5D98C90053468D /* HomeCustomCell.swift */ = {isa = PBXFileReference; fileEncoding = 4; lastKnownFileType = sourcecode.swift; path = HomeCustomCell.swift; sourceTree = "<group>"; };
/* End PBXFileReference section */

/* Begin PBXFrameworksBuildPhase section */
		E380AB2A1F23735F0034EA8F /* Frameworks */ = {
			isa = PBXFrameworksBuildPhase;
			buildActionMask = 2147483647;
			files = (
				E3B15B5E1F7BEEE200E17A84 /* CoreLocation.framework in Frameworks */,
				E1633205A450704EC5F7B81C /* Pods_RunningApp.framework in Frameworks */,
			);
			runOnlyForDeploymentPostprocessing = 0;
		};
/* End PBXFrameworksBuildPhase section */

/* Begin PBXGroup section */
		0798D57CB21707C1F6EF7146 /* Pods */ = {
			isa = PBXGroup;
			children = (
				58F06D7142BEEE9F74DD4C7B /* Pods-RunningApp.debug.xcconfig */,
				B52ED86E09986E423E72B09E /* Pods-RunningApp.release.xcconfig */,
			);
			name = Pods;
			sourceTree = "<group>";
		};
		64628182FCE8393FCA94B6B0 /* Frameworks */ = {
			isa = PBXGroup;
			children = (
				E3B15B5D1F7BEEE200E17A84 /* CoreLocation.framework */,
				AB4A23F43657309C31FDA106 /* Pods_RunningApp.framework */,
			);
			name = Frameworks;
			sourceTree = "<group>";
		};
		E3031D011F80E041002C5739 /* Setting */ = {
			isa = PBXGroup;
			children = (
				E328FB801F866FEC00E1D4BC /* SettingForm */,
				E3031D021F80E05A002C5739 /* SettingController.swift */,
			);
			path = Setting;
			sourceTree = "<group>";
		};
		E328FB801F866FEC00E1D4BC /* SettingForm */ = {
			isa = PBXGroup;
			children = (
				E33802951F852AD1007EB199 /* SettingForm.storyboard */,
				E33802931F852A76007EB199 /* SettingForm.swift */,
			);
			path = SettingForm;
			sourceTree = "<group>";
		};
		E341882B1F793D5E000AB961 /* Resources */ = {
			isa = PBXGroup;
			children = (
				E361061C1F24322C004F56EC /* images */,
				E380AB371F23735F0034EA8F /* Assets.xcassets */,
			);
			path = Resources;
			sourceTree = "<group>";
		};
		E35377631F25975A00A5D6FB /* News */ = {
			isa = PBXGroup;
			children = (
				E3637D371F25E60200C615D4 /* ContntReader */,
				E35377681F2597D100A5D6FB /* News.swift */,
			);
			path = News;
			sourceTree = "<group>";
		};
		E361060E1F243225004F56EC /* Home */ = {
			isa = PBXGroup;
			children = (
				E361060F1F243225004F56EC /* Home.swift */,
				E3CA14EB1F5D98C90053468D /* HomeCustomCell.swift */,
				E3CA14E71F5D91B00053468D /* HomeModel.swift */,
				E3CA14E91F5D963D0053468D /* HomeView.swift */,
			);
			path = Home;
			sourceTree = "<group>";
		};
		E36106111F243225004F56EC /* MyPage */ = {
			isa = PBXGroup;
			children = (
				E36106121F243225004F56EC /* MyPage.swift */,
			);
			path = MyPage;
			sourceTree = "<group>";
		};
		E361061C1F24322C004F56EC /* images */ = {
			isa = PBXGroup;
			children = (
				E361061D1F24322C004F56EC /* 0.jpg */,
				E361061E1F24322C004F56EC /* 1.jpg */,
				E361061F1F24322C004F56EC /* 10.jpg */,
				E36106201F24322C004F56EC /* 2.jpg */,
				E36106211F24322C004F56EC /* 3.jpg */,
				E36106221F24322C004F56EC /* 4.jpg */,
				E36106231F24322C004F56EC /* 5.jpg */,
				E36106241F24322C004F56EC /* 6.jpg */,
				E36106251F24322C004F56EC /* 7.jpg */,
				E36106261F24322C004F56EC /* 8.jpg */,
				E36106271F24322C004F56EC /* 9.jpg */,
				E36106281F24322C004F56EC /* file.png */,
				E36106291F24322C004F56EC /* nick-west.jpg */,
			);
			path = images;
			sourceTree = "<group>";
		};
		E3637D371F25E60200C615D4 /* ContntReader */ = {
			isa = PBXGroup;
			children = (
				E3637D331F25DF5700C615D4 /* ContentReaderController.swift */,
				E3637D341F25DF5700C615D4 /* ContentReaderController.xib */,
			);
			path = ContntReader;
			sourceTree = "<group>";
		};
		E380AB241F23735E0034EA8F = {
			isa = PBXGroup;
			children = (
				64628182FCE8393FCA94B6B0 /* Frameworks */,
				0798D57CB21707C1F6EF7146 /* Pods */,
				E380AB2E1F23735F0034EA8F /* Products */,
				E380AB2F1F23735F0034EA8F /* RunningApp */,
			);
			sourceTree = "<group>";
		};
		E380AB2E1F23735F0034EA8F /* Products */ = {
			isa = PBXGroup;
			children = (
				E380AB2D1F23735F0034EA8F /* RunningApp.app */,
			);
			name = Products;
			sourceTree = "<group>";
		};
		E380AB2F1F23735F0034EA8F /* RunningApp */ = {
			isa = PBXGroup;
			children = (
				E361060E1F243225004F56EC /* Home */,
				E36106111F243225004F56EC /* MyPage */,
				E35377631F25975A00A5D6FB /* News */,
				E39594001F30C574004AEB27 /* PullNavigation */,
				E341882B1F793D5E000AB961 /* Resources */,
				E3031D011F80E041002C5739 /* Setting */,
				E380AB301F23735F0034EA8F /* AppDelegate.swift */,
				E34188351F794AE6000AB961 /* AppSize.swift */,
				E3034EA31F87BFBF00FCB026 /* Const.swift */,
				E380AB3C1F23735F0034EA8F /* Info.plist */,
				E380AB391F23735F0034EA8F /* LaunchScreen.storyboard */,
				E380AB341F23735F0034EA8F /* Main.storyboard */,
				E341882D1F794073000AB961 /* MainTabBarController.swift */,
				E380AB6E1F2373E70034EA8F /* MaterialViewController.swift */,
				E34188311F7944FF000AB961 /* SecondViewController.swift */,
				E341883A1F795520000AB961 /* WorkController.storyboard */,
				E34188371F794E5B000AB961 /* WorkController.swift */,
			);
			path = RunningApp;
			sourceTree = "<group>";
		};
		E39594001F30C574004AEB27 /* PullNavigation */ = {
			isa = PBXGroup;
			children = (
				E39594011F30C574004AEB27 /* DismissAnimator.swift */,
				E39594021F30C574004AEB27 /* Interactor.swift */,
				E39594031F30C574004AEB27 /* ModalNavigationController.swift */,
				E39594041F30C574004AEB27 /* ModalViewController.storyboard */,
				E39594051F30C574004AEB27 /* ModalViewController.swift */,
			);
			path = PullNavigation;
			sourceTree = "<group>";
		};
/* End PBXGroup section */

/* Begin PBXNativeTarget section */
		E380AB2C1F23735F0034EA8F /* RunningApp */ = {
			isa = PBXNativeTarget;
			buildConfigurationList = E380AB3F1F23735F0034EA8F /* Build configuration list for PBXNativeTarget "RunningApp" */;
			buildPhases = (
				9A08373E671D9C408B8CE73A /* [CP] Check Pods Manifest.lock */,
				E380AB291F23735F0034EA8F /* Sources */,
				E380AB2A1F23735F0034EA8F /* Frameworks */,
				E380AB2B1F23735F0034EA8F /* Resources */,
				5C216D72004B08DA5151FD27 /* [CP] Embed Pods Frameworks */,
				2A1413C9FB4AA1C048702B1A /* [CP] Copy Pods Resources */,
			);
			buildRules = (
			);
			dependencies = (
			);
			name = RunningApp;
			productName = RunningApp;
			productReference = E380AB2D1F23735F0034EA8F /* RunningApp.app */;
			productType = "com.apple.product-type.application";
		};
/* End PBXNativeTarget section */

/* Begin PBXProject section */
		E380AB251F23735E0034EA8F /* Project object */ = {
			isa = PBXProject;
			attributes = {
				LastSwiftUpdateCheck = 0830;
				LastUpgradeCheck = 0900;
				ORGANIZATIONNAME = "ryo kagaya";
				TargetAttributes = {
					E380AB2C1F23735F0034EA8F = {
						CreatedOnToolsVersion = 8.3.1;
						DevelopmentTeam = 8S39MY764C;
						LastSwiftMigration = 0900;
						ProvisioningStyle = Automatic;
						SystemCapabilities = {
							com.apple.Maps.iOS = {
								enabled = 0;
							};
						};
					};
				};
			};
			buildConfigurationList = E380AB281F23735E0034EA8F /* Build configuration list for PBXProject "RunningApp" */;
			compatibilityVersion = "Xcode 3.2";
			developmentRegion = English;
			hasScannedForEncodings = 0;
			knownRegions = (
				en,
				Base,
			);
			mainGroup = E380AB241F23735E0034EA8F;
			productRefGroup = E380AB2E1F23735F0034EA8F /* Products */;
			projectDirPath = "";
			projectRoot = "";
			targets = (
				E380AB2C1F23735F0034EA8F /* RunningApp */,
			);
		};
/* End PBXProject section */

/* Begin PBXResourcesBuildPhase section */
		E380AB2B1F23735F0034EA8F /* Resources */ = {
			isa = PBXResourcesBuildPhase;
			buildActionMask = 2147483647;
			files = (
				E36106331F24322C004F56EC /* 8.jpg in Resources */,
				E361062F1F24322C004F56EC /* 4.jpg in Resources */,
				E361062A1F24322C004F56EC /* 0.jpg in Resources */,
				E36106361F24322C004F56EC /* nick-west.jpg in Resources */,
				E36106311F24322C004F56EC /* 6.jpg in Resources */,
				E36106351F24322C004F56EC /* file.png in Resources */,
				E36106321F24322C004F56EC /* 7.jpg in Resources */,
				E380AB3B1F23735F0034EA8F /* LaunchScreen.storyboard in Resources */,
				E39594091F30C574004AEB27 /* ModalViewController.storyboard in Resources */,
				E380AB381F23735F0034EA8F /* Assets.xcassets in Resources */,
				E361062D1F24322C004F56EC /* 2.jpg in Resources */,
				E361062E1F24322C004F56EC /* 3.jpg in Resources */,
				E380AB361F23735F0034EA8F /* Main.storyboard in Resources */,
				E36106301F24322C004F56EC /* 5.jpg in Resources */,
				E341883B1F795520000AB961 /* WorkController.storyboard in Resources */,
				E36106341F24322C004F56EC /* 9.jpg in Resources */,
				E361062C1F24322C004F56EC /* 10.jpg in Resources */,
				E3637D361F25DF5700C615D4 /* ContentReaderController.xib in Resources */,
				E361062B1F24322C004F56EC /* 1.jpg in Resources */,
				E33802961F852AD1007EB199 /* SettingForm.storyboard in Resources */,
			);
			runOnlyForDeploymentPostprocessing = 0;
		};
/* End PBXResourcesBuildPhase section */

/* Begin PBXShellScriptBuildPhase section */
		2A1413C9FB4AA1C048702B1A /* [CP] Copy Pods Resources */ = {
			isa = PBXShellScriptBuildPhase;
			buildActionMask = 2147483647;
			files = (
			);
			inputPaths = (
			);
			name = "[CP] Copy Pods Resources";
			outputPaths = (
			);
			runOnlyForDeploymentPostprocessing = 0;
			shellPath = /bin/sh;
			shellScript = "\"${SRCROOT}/Pods/Target Support Files/Pods-RunningApp/Pods-RunningApp-resources.sh\"\n";
			showEnvVarsInLog = 0;
		};
		5C216D72004B08DA5151FD27 /* [CP] Embed Pods Frameworks */ = {
			isa = PBXShellScriptBuildPhase;
			buildActionMask = 2147483647;
			files = (
			);
			inputPaths = (
			);
			name = "[CP] Embed Pods Frameworks";
			outputPaths = (
			);
			runOnlyForDeploymentPostprocessing = 0;
			shellPath = /bin/sh;
			shellScript = "\"${SRCROOT}/Pods/Target Support Files/Pods-RunningApp/Pods-RunningApp-frameworks.sh\"\n";
			showEnvVarsInLog = 0;
		};
		9A08373E671D9C408B8CE73A /* [CP] Check Pods Manifest.lock */ = {
			isa = PBXShellScriptBuildPhase;
			buildActionMask = 2147483647;
			files = (
			);
			inputPaths = (
			);
			name = "[CP] Check Pods Manifest.lock";
			outputPaths = (
			);
			runOnlyForDeploymentPostprocessing = 0;
			shellPath = /bin/sh;
			shellScript = "diff \"${PODS_PODFILE_DIR_PATH}/Podfile.lock\" \"${PODS_ROOT}/Manifest.lock\" > /dev/null\nif [ $? != 0 ] ; then\n    # print error to STDERR\n    echo \"error: The sandbox is not in sync with the Podfile.lock. Run 'pod install' or update your CocoaPods installation.\" >&2\n    exit 1\nfi\n";
			showEnvVarsInLog = 0;
		};
/* End PBXShellScriptBuildPhase section */

/* Begin PBXSourcesBuildPhase section */
		E380AB291F23735F0034EA8F /* Sources */ = {
			isa = PBXSourcesBuildPhase;
			buildActionMask = 2147483647;
			files = (
				E3031D031F80E05A002C5739 /* SettingController.swift in Sources */,
				E34188321F7944FF000AB961 /* SecondViewController.swift in Sources */,
				E3CA14EC1F5D98C90053468D /* HomeCustomCell.swift in Sources */,
				E3CA14EA1F5D963E0053468D /* HomeView.swift in Sources */,
				E39594081F30C574004AEB27 /* ModalNavigationController.swift in Sources */,
				E34188361F794AE6000AB961 /* AppSize.swift in Sources */,
				E380AB701F2373E70034EA8F /* MaterialViewController.swift in Sources */,
				E39594071F30C574004AEB27 /* Interactor.swift in Sources */,
				E395940A1F30C574004AEB27 /* ModalViewController.swift in Sources */,
				E3034EA41F87BFBF00FCB026 /* Const.swift in Sources */,
				E34188381F794E5B000AB961 /* WorkController.swift in Sources */,
				E3637D351F25DF5700C615D4 /* ContentReaderController.swift in Sources */,
				E36106191F243225004F56EC /* MyPage.swift in Sources */,
				E36106171F243225004F56EC /* Home.swift in Sources */,
				E353776A1F2597D100A5D6FB /* News.swift in Sources */,
				E3CA14E81F5D91B00053468D /* HomeModel.swift in Sources */,
				E341882E1F794073000AB961 /* MainTabBarController.swift in Sources */,
				E33802941F852A76007EB199 /* SettingForm.swift in Sources */,
				E39594061F30C574004AEB27 /* DismissAnimator.swift in Sources */,
				E380AB311F23735F0034EA8F /* AppDelegate.swift in Sources */,
			);
			runOnlyForDeploymentPostprocessing = 0;
		};
/* End PBXSourcesBuildPhase section */

/* Begin PBXVariantGroup section */
		E380AB341F23735F0034EA8F /* Main.storyboard */ = {
			isa = PBXVariantGroup;
			children = (
				E380AB351F23735F0034EA8F /* Base */,
			);
			name = Main.storyboard;
			path = .;
			sourceTree = "<group>";
		};
		E380AB391F23735F0034EA8F /* LaunchScreen.storyboard */ = {
			isa = PBXVariantGroup;
			children = (
				E380AB3A1F23735F0034EA8F /* Base */,
			);
			name = LaunchScreen.storyboard;
			path = .;
			sourceTree = "<group>";
		};
/* End PBXVariantGroup section */

/* Begin XCBuildConfiguration section */
		E380AB3D1F23735F0034EA8F /* Debug */ = {
			isa = XCBuildConfiguration;
			buildSettings = {
				ALWAYS_SEARCH_USER_PATHS = NO;
				CLANG_ANALYZER_NONNULL = YES;
				CLANG_ANALYZER_NUMBER_OBJECT_CONVERSION = YES_AGGRESSIVE;
				CLANG_CXX_LANGUAGE_STANDARD = "gnu++0x";
				CLANG_CXX_LIBRARY = "libc++";
				CLANG_ENABLE_MODULES = YES;
				CLANG_ENABLE_OBJC_ARC = YES;
				CLANG_WARN_BLOCK_CAPTURE_AUTORELEASING = YES;
				CLANG_WARN_BOOL_CONVERSION = YES;
				CLANG_WARN_COMMA = YES;
				CLANG_WARN_CONSTANT_CONVERSION = YES;
				CLANG_WARN_DIRECT_OBJC_ISA_USAGE = YES_ERROR;
				CLANG_WARN_DOCUMENTATION_COMMENTS = YES;
				CLANG_WARN_EMPTY_BODY = YES;
				CLANG_WARN_ENUM_CONVERSION = YES;
				CLANG_WARN_INFINITE_RECURSION = YES;
				CLANG_WARN_INT_CONVERSION = YES;
				CLANG_WARN_NON_LITERAL_NULL_CONVERSION = YES;
				CLANG_WARN_OBJC_LITERAL_CONVERSION = YES;
				CLANG_WARN_OBJC_ROOT_CLASS = YES_ERROR;
				CLANG_WARN_RANGE_LOOP_ANALYSIS = YES;
				CLANG_WARN_STRICT_PROTOTYPES = YES;
				CLANG_WARN_SUSPICIOUS_MOVE = YES;
				CLANG_WARN_UNREACHABLE_CODE = YES;
				CLANG_WARN__DUPLICATE_METHOD_MATCH = YES;
				"CODE_SIGN_IDENTITY[sdk=iphoneos*]" = "iPhone Developer";
				COPY_PHASE_STRIP = NO;
				DEBUG_INFORMATION_FORMAT = dwarf;
				ENABLE_STRICT_OBJC_MSGSEND = YES;
				ENABLE_TESTABILITY = YES;
				GCC_C_LANGUAGE_STANDARD = gnu99;
				GCC_DYNAMIC_NO_PIC = NO;
				GCC_NO_COMMON_BLOCKS = YES;
				GCC_OPTIMIZATION_LEVEL = 0;
				GCC_PREPROCESSOR_DEFINITIONS = (
					"DEBUG=1",
					"$(inherited)",
				);
				GCC_WARN_64_TO_32_BIT_CONVERSION = YES;
				GCC_WARN_ABOUT_RETURN_TYPE = YES_ERROR;
				GCC_WARN_UNDECLARED_SELECTOR = YES;
				GCC_WARN_UNINITIALIZED_AUTOS = YES_AGGRESSIVE;
				GCC_WARN_UNUSED_FUNCTION = YES;
				GCC_WARN_UNUSED_VARIABLE = YES;
				IPHONEOS_DEPLOYMENT_TARGET = 10.3;
				MTL_ENABLE_DEBUG_INFO = YES;
				ONLY_ACTIVE_ARCH = YES;
				SDKROOT = iphoneos;
				SWIFT_ACTIVE_COMPILATION_CONDITIONS = DEBUG;
				SWIFT_OPTIMIZATION_LEVEL = "-Onone";
			};
			name = Debug;
		};
		E380AB3E1F23735F0034EA8F /* Release */ = {
			isa = XCBuildConfiguration;
			buildSettings = {
				ALWAYS_SEARCH_USER_PATHS = NO;
				CLANG_ANALYZER_NONNULL = YES;
				CLANG_ANALYZER_NUMBER_OBJECT_CONVERSION = YES_AGGRESSIVE;
				CLANG_CXX_LANGUAGE_STANDARD = "gnu++0x";
				CLANG_CXX_LIBRARY = "libc++";
				CLANG_ENABLE_MODULES = YES;
				CLANG_ENABLE_OBJC_ARC = YES;
				CLANG_WARN_BLOCK_CAPTURE_AUTORELEASING = YES;
				CLANG_WARN_BOOL_CONVERSION = YES;
				CLANG_WARN_COMMA = YES;
				CLANG_WARN_CONSTANT_CONVERSION = YES;
				CLANG_WARN_DIRECT_OBJC_ISA_USAGE = YES_ERROR;
				CLANG_WARN_DOCUMENTATION_COMMENTS = YES;
				CLANG_WARN_EMPTY_BODY = YES;
				CLANG_WARN_ENUM_CONVERSION = YES;
				CLANG_WARN_INFINITE_RECURSION = YES;
				CLANG_WARN_INT_CONVERSION = YES;
				CLANG_WARN_NON_LITERAL_NULL_CONVERSION = YES;
				CLANG_WARN_OBJC_LITERAL_CONVERSION = YES;
				CLANG_WARN_OBJC_ROOT_CLASS = YES_ERROR;
				CLANG_WARN_RANGE_LOOP_ANALYSIS = YES;
				CLANG_WARN_STRICT_PROTOTYPES = YES;
				CLANG_WARN_SUSPICIOUS_MOVE = YES;
				CLANG_WARN_UNREACHABLE_CODE = YES;
				CLANG_WARN__DUPLICATE_METHOD_MATCH = YES;
				"CODE_SIGN_IDENTITY[sdk=iphoneos*]" = "iPhone Developer";
				COPY_PHASE_STRIP = NO;
				DEBUG_INFORMATION_FORMAT = "dwarf-with-dsym";
				ENABLE_NS_ASSERTIONS = NO;
				ENABLE_STRICT_OBJC_MSGSEND = YES;
				GCC_C_LANGUAGE_STANDARD = gnu99;
				GCC_NO_COMMON_BLOCKS = YES;
				GCC_WARN_64_TO_32_BIT_CONVERSION = YES;
				GCC_WARN_ABOUT_RETURN_TYPE = YES_ERROR;
				GCC_WARN_UNDECLARED_SELECTOR = YES;
				GCC_WARN_UNINITIALIZED_AUTOS = YES_AGGRESSIVE;
				GCC_WARN_UNUSED_FUNCTION = YES;
				GCC_WARN_UNUSED_VARIABLE = YES;
				IPHONEOS_DEPLOYMENT_TARGET = 10.3;
				MTL_ENABLE_DEBUG_INFO = NO;
				SDKROOT = iphoneos;
				SWIFT_OPTIMIZATION_LEVEL = "-Owholemodule";
				VALIDATE_PRODUCT = YES;
			};
			name = Release;
		};
		E380AB401F23735F0034EA8F /* Debug */ = {
			isa = XCBuildConfiguration;
			baseConfigurationReference = 58F06D7142BEEE9F74DD4C7B /* Pods-RunningApp.debug.xcconfig */;
			buildSettings = {
				ASSETCATALOG_COMPILER_APPICON_NAME = AppIcon;
				"CODE_SIGN_IDENTITY[sdk=iphoneos*]" = "iPhone Developer";
				CODE_SIGN_STYLE = Automatic;
				DEVELOPMENT_TEAM = 8S39MY764C;
				INFOPLIST_FILE = RunningApp/Info.plist;
				LD_RUNPATH_SEARCH_PATHS = "$(inherited) @executable_path/Frameworks";
				PRODUCT_BUNDLE_IDENTIFIER = com.ryokagaya.RunningApps;
				PRODUCT_NAME = "$(TARGET_NAME)";
				PROVISIONING_PROFILE_SPECIFIER = "";
				SWIFT_SWIFT3_OBJC_INFERENCE = On;
				SWIFT_VERSION = 4.0;
			};
			name = Debug;
		};
		E380AB411F23735F0034EA8F /* Release */ = {
			isa = XCBuildConfiguration;
			baseConfigurationReference = B52ED86E09986E423E72B09E /* Pods-RunningApp.release.xcconfig */;
			buildSettings = {
				ASSETCATALOG_COMPILER_APPICON_NAME = AppIcon;
				"CODE_SIGN_IDENTITY[sdk=iphoneos*]" = "iPhone Developer";
				CODE_SIGN_STYLE = Automatic;
				DEVELOPMENT_TEAM = 8S39MY764C;
				INFOPLIST_FILE = RunningApp/Info.plist;
				LD_RUNPATH_SEARCH_PATHS = "$(inherited) @executable_path/Frameworks";
				PRODUCT_BUNDLE_IDENTIFIER = com.ryokagaya.RunningApps;
				PRODUCT_NAME = "$(TARGET_NAME)";
				PROVISIONING_PROFILE_SPECIFIER = "";
				SWIFT_SWIFT3_OBJC_INFERENCE = On;
				SWIFT_VERSION = 4.0;
			};
			name = Release;
		};
/* End XCBuildConfiguration section */

/* Begin XCConfigurationList section */
		E380AB281F23735E0034EA8F /* Build configuration list for PBXProject "RunningApp" */ = {
			isa = XCConfigurationList;
			buildConfigurations = (
				E380AB3D1F23735F0034EA8F /* Debug */,
				E380AB3E1F23735F0034EA8F /* Release */,
			);
			defaultConfigurationIsVisible = 0;
			defaultConfigurationName = Release;
		};
		E380AB3F1F23735F0034EA8F /* Build configuration list for PBXNativeTarget "RunningApp" */ = {
			isa = XCConfigurationList;
			buildConfigurations = (
				E380AB401F23735F0034EA8F /* Debug */,
				E380AB411F23735F0034EA8F /* Release */,
			);
			defaultConfigurationIsVisible = 0;
			defaultConfigurationName = Release;
		};
/* End XCConfigurationList section */
	};
	rootObject = E380AB251F23735E0034EA8F /* Project object */;
}
