// !$*UTF8*$!
{
	archiveVersion = 1;
	classes = {
	};
	objectVersion = 46;
	objects = {

/* Begin PBXBuildFile section */
		E1633205A450704EC5F7B81C /* Pods_RunningApp.framework in Frameworks */ = {isa = PBXBuildFile; fileRef = AB4A23F43657309C31FDA106 /* Pods_RunningApp.framework */; };
		E3031D031F80E05A002C5739 /* SettingController.swift in Sources */ = {isa = PBXBuildFile; fileRef = E3031D021F80E05A002C5739 /* SettingController.swift */; };
		E3034EA41F87BFBF00FCB026 /* Const.swift in Sources */ = {isa = PBXBuildFile; fileRef = E3034EA31F87BFBF00FCB026 /* Const.swift */; };
		E30530271FACC8C10097D9A3 /* Alert+.swift in Sources */ = {isa = PBXBuildFile; fileRef = E30530261FACC8C10097D9A3 /* Alert+.swift */; };
		E30AE0481F8A4FF7002FEFAA /* ModalNavigationController.swift in Sources */ = {isa = PBXBuildFile; fileRef = E30AE0471F8A4FF7002FEFAA /* ModalNavigationController.swift */; };
		E32243671FDC255000477320 /* HomeCollectionViewCell.swift in Sources */ = {isa = PBXBuildFile; fileRef = E32243651FDC255000477320 /* HomeCollectionViewCell.swift */; };
		E32243681FDC255000477320 /* HomeCollectionViewCell.xib in Resources */ = {isa = PBXBuildFile; fileRef = E32243661FDC255000477320 /* HomeCollectionViewCell.xib */; };
		E3363D4E209893200018B88E /* RunDataInfoCollectionViewCell.swift in Sources */ = {isa = PBXBuildFile; fileRef = E3363D4C209893200018B88E /* RunDataInfoCollectionViewCell.swift */; };
		E3363D4F209893200018B88E /* RunDataInfoCollectionViewCell.xib in Resources */ = {isa = PBXBuildFile; fileRef = E3363D4D209893200018B88E /* RunDataInfoCollectionViewCell.xib */; };
		E33802941F852A76007EB199 /* SettingForm.swift in Sources */ = {isa = PBXBuildFile; fileRef = E33802931F852A76007EB199 /* SettingForm.swift */; };
		E33802961F852AD1007EB199 /* SettingForm.storyboard in Resources */ = {isa = PBXBuildFile; fileRef = E33802951F852AD1007EB199 /* SettingForm.storyboard */; };
		E33A4F012095A3410002D92E /* HomeViewController.swift in Sources */ = {isa = PBXBuildFile; fileRef = E33A4F002095A3410002D92E /* HomeViewController.swift */; };
		E33A4F032095A3530002D92E /* HomeModel.swift in Sources */ = {isa = PBXBuildFile; fileRef = E33A4F022095A3530002D92E /* HomeModel.swift */; };
		E33A4F052095A3600002D92E /* HomePresenter.swift in Sources */ = {isa = PBXBuildFile; fileRef = E33A4F042095A3600002D92E /* HomePresenter.swift */; };
		E33A4F082095A6A30002D92E /* AppColor.swift in Sources */ = {isa = PBXBuildFile; fileRef = E33A4F072095A6A30002D92E /* AppColor.swift */; };
		E341882E1F794073000AB961 /* TabBarController.swift in Sources */ = {isa = PBXBuildFile; fileRef = E341882D1F794073000AB961 /* TabBarController.swift */; };
		E34188361F794AE6000AB961 /* AppSize.swift in Sources */ = {isa = PBXBuildFile; fileRef = E34188351F794AE6000AB961 /* AppSize.swift */; };
		E34188381F794E5B000AB961 /* WorkController.swift in Sources */ = {isa = PBXBuildFile; fileRef = E34188371F794E5B000AB961 /* WorkController.swift */; };
		E341883B1F795520000AB961 /* WorkController.storyboard in Resources */ = {isa = PBXBuildFile; fileRef = E341883A1F795520000AB961 /* WorkController.storyboard */; };
		E344D6E220A5FD1C000ABB33 /* BaseUIButton.swift in Sources */ = {isa = PBXBuildFile; fileRef = E344D6E120A5FD1C000ABB33 /* BaseUIButton.swift */; };
		E344D6E420A67CE2000ABB33 /* RunDataListViewController.swift in Sources */ = {isa = PBXBuildFile; fileRef = E344D6E320A67CE2000ABB33 /* RunDataListViewController.swift */; };
		E344D6E620A67D39000ABB33 /* RunDataPresenter.swift in Sources */ = {isa = PBXBuildFile; fileRef = E344D6E520A67D39000ABB33 /* RunDataPresenter.swift */; };
		E344D6E820A67DB0000ABB33 /* RunDataListModel.swift in Sources */ = {isa = PBXBuildFile; fileRef = E344D6E720A67DB0000ABB33 /* RunDataListModel.swift */; };
		E344D6EA20A69806000ABB33 /* Routing.swift in Sources */ = {isa = PBXBuildFile; fileRef = E344D6E920A69806000ABB33 /* Routing.swift */; };
		E344D6EF20A6C03A000ABB33 /* animation1.json in Resources */ = {isa = PBXBuildFile; fileRef = E344D6EC20A6C03A000ABB33 /* animation1.json */; };
		E344D6F020A6C03A000ABB33 /* animation2.json in Resources */ = {isa = PBXBuildFile; fileRef = E344D6ED20A6C03A000ABB33 /* animation2.json */; };
		E344D6F120A6C03A000ABB33 /* animation3.json in Resources */ = {isa = PBXBuildFile; fileRef = E344D6EE20A6C03A000ABB33 /* animation3.json */; };
		E344D6F520A70243000ABB33 /* RunManageCardView.swift in Sources */ = {isa = PBXBuildFile; fileRef = E344D6F420A70243000ABB33 /* RunManageCardView.swift */; };
		E344D6F720A70249000ABB33 /* RunManageCardView.xib in Resources */ = {isa = PBXBuildFile; fileRef = E344D6F620A70249000ABB33 /* RunManageCardView.xib */; };
		E344D6F920A75739000ABB33 /* SettingViewController.swift in Sources */ = {isa = PBXBuildFile; fileRef = E344D6F820A75739000ABB33 /* SettingViewController.swift */; };
		E344D6FB20A7578E000ABB33 /* SettingPresenter.swift in Sources */ = {isa = PBXBuildFile; fileRef = E344D6FA20A7578E000ABB33 /* SettingPresenter.swift */; };
		E344D6FD20A757DD000ABB33 /* SettingModel.swift in Sources */ = {isa = PBXBuildFile; fileRef = E344D6FC20A757DD000ABB33 /* SettingModel.swift */; };
		E35580151F8B2347000CE75E /* Utility.swift in Sources */ = {isa = PBXBuildFile; fileRef = E35580141F8B2347000CE75E /* Utility.swift */; };
		E355F1961F9F7ADD00509CA1 /* UIViewController+.swift in Sources */ = {isa = PBXBuildFile; fileRef = E355F1951F9F7ADD00509CA1 /* UIViewController+.swift */; };
		E355F1981F9F7ED300509CA1 /* UIView+.swift in Sources */ = {isa = PBXBuildFile; fileRef = E355F1971F9F7ED300509CA1 /* UIView+.swift */; };
		E365A13A1F9255C50008D475 /* CompleteDialog.swift in Sources */ = {isa = PBXBuildFile; fileRef = E365A1391F9255C50008D475 /* CompleteDialog.swift */; };
		E365A13D1F9256020008D475 /* CompleteDialog.xib in Resources */ = {isa = PBXBuildFile; fileRef = E365A13C1F9256020008D475 /* CompleteDialog.xib */; };
		E365A13F1F9257770008D475 /* Dialog.swift in Sources */ = {isa = PBXBuildFile; fileRef = E365A13E1F9257770008D475 /* Dialog.swift */; };
		E368B0E11FADC7690021985F /* Gradation.swift in Sources */ = {isa = PBXBuildFile; fileRef = E368B0E01FADC7690021985F /* Gradation.swift */; };
		E368B0E31FADCC7F0021985F /* GradiateView.swift in Sources */ = {isa = PBXBuildFile; fileRef = E368B0E21FADCC7F0021985F /* GradiateView.swift */; };
		E36913011F97624500A9B19C /* RealmDataSet.swift in Sources */ = {isa = PBXBuildFile; fileRef = E36913001F97624500A9B19C /* RealmDataSet.swift */; };
		E36B804020A1EE8200C6E615 /* RunManageViewController.swift in Sources */ = {isa = PBXBuildFile; fileRef = E36B803F20A1EE8200C6E615 /* RunManageViewController.swift */; };
		E36B804220A1EE9100C6E615 /* RunManageModel.swift in Sources */ = {isa = PBXBuildFile; fileRef = E36B804120A1EE9100C6E615 /* RunManageModel.swift */; };
		E36B804420A1EEC200C6E615 /* RunManagePresenter.swift in Sources */ = {isa = PBXBuildFile; fileRef = E36B804320A1EEC200C6E615 /* RunManagePresenter.swift */; };
		E37631881FBEE70600D027E5 /* Picker.swift in Sources */ = {isa = PBXBuildFile; fileRef = E37631871FBEE70600D027E5 /* Picker.swift */; };
		E376318A1FBEE70C00D027E5 /* Picker.xib in Resources */ = {isa = PBXBuildFile; fileRef = E37631891FBEE70C00D027E5 /* Picker.xib */; };
		E37DDE251FAA1B2100EC61E5 /* Loading.swift in Sources */ = {isa = PBXBuildFile; fileRef = E37DDE241FAA1B2100EC61E5 /* Loading.swift */; };
		E37DDE271FAA1B2800EC61E5 /* Loading.xib in Resources */ = {isa = PBXBuildFile; fileRef = E37DDE261FAA1B2800EC61E5 /* Loading.xib */; };
		E380AB311F23735F0034EA8F /* AppDelegate.swift in Sources */ = {isa = PBXBuildFile; fileRef = E380AB301F23735F0034EA8F /* AppDelegate.swift */; };
		E380AB381F23735F0034EA8F /* Assets.xcassets in Resources */ = {isa = PBXBuildFile; fileRef = E380AB371F23735F0034EA8F /* Assets.xcassets */; };
		E380AB3B1F23735F0034EA8F /* LaunchScreen.storyboard in Resources */ = {isa = PBXBuildFile; fileRef = E380AB391F23735F0034EA8F /* LaunchScreen.storyboard */; };
		E3894FCF1F8CF62A000313CC /* TappableButton.swift in Sources */ = {isa = PBXBuildFile; fileRef = E3894FCE1F8CF62A000313CC /* TappableButton.swift */; };
		E38F7FAB1F9AF3ED0036CEE0 /* SettingCell.swift in Sources */ = {isa = PBXBuildFile; fileRef = E38F7FAA1F9AF3ED0036CEE0 /* SettingCell.swift */; };
		E38F7FAD1F9AF4CA0036CEE0 /* SettingCell.xib in Resources */ = {isa = PBXBuildFile; fileRef = E38F7FAC1F9AF4CA0036CEE0 /* SettingCell.xib */; };
		E39594071F30C574004AEB27 /* Interactor.swift in Sources */ = {isa = PBXBuildFile; fileRef = E39594021F30C574004AEB27 /* Interactor.swift */; };
		E3A84C5A1FC31FF400540812 /* CoreMotion.framework in Frameworks */ = {isa = PBXBuildFile; fileRef = E3A84C591FC31FE200540812 /* CoreMotion.framework */; };
		E3B15B5E1F7BEEE200E17A84 /* CoreLocation.framework in Frameworks */ = {isa = PBXBuildFile; fileRef = E3B15B5D1F7BEEE200E17A84 /* CoreLocation.framework */; };
		E3CAC82C1FAB229C00AE1B55 /* MyPageCell.swift in Sources */ = {isa = PBXBuildFile; fileRef = E3CAC82B1FAB229C00AE1B55 /* MyPageCell.swift */; };
		E3CAC82F1FAB22B900AE1B55 /* MyPageCell.xib in Resources */ = {isa = PBXBuildFile; fileRef = E3CAC82E1FAB22B900AE1B55 /* MyPageCell.xib */; };
		E3CE4ABE1FA8AB3F0074200A /* Gradiate.swift in Sources */ = {isa = PBXBuildFile; fileRef = E3CE4ABD1FA8AB3F0074200A /* Gradiate.swift */; };
		E3D259A31FAAA59F00978399 /* NoDateView.swift in Sources */ = {isa = PBXBuildFile; fileRef = E3D259A21FAAA59F00978399 /* NoDateView.swift */; };
		E3D259A61FAAA5BF00978399 /* NoDateView.xib in Resources */ = {isa = PBXBuildFile; fileRef = E3D259A51FAAA5BF00978399 /* NoDateView.xib */; };
		E3D2EBD020065DDF0024BAFC /* down.mp3 in Resources */ = {isa = PBXBuildFile; fileRef = E3D2EBCF20065DDF0024BAFC /* down.mp3 */; };
		E3D2EBD220065DF30024BAFC /* up.mp3 in Resources */ = {isa = PBXBuildFile; fileRef = E3D2EBD120065DF30024BAFC /* up.mp3 */; };
		E3D2EBD4200664AD0024BAFC /* maintain.mp3 in Resources */ = {isa = PBXBuildFile; fileRef = E3D2EBD3200664AC0024BAFC /* maintain.mp3 */; };
		E3F4032E1F88C6EC0073DC45 /* DismissAnimator.swift.swift in Sources */ = {isa = PBXBuildFile; fileRef = E3F4032D1F88C6EC0073DC45 /* DismissAnimator.swift.swift */; };
		E3FE60C31F9CE3FB0080E378 /* Animation+.swift in Sources */ = {isa = PBXBuildFile; fileRef = E3FE60C21F9CE3FB0080E378 /* Animation+.swift */; };
/* End PBXBuildFile section */

/* Begin PBXFileReference section */
		58F06D7142BEEE9F74DD4C7B /* Pods-RunningApp.debug.xcconfig */ = {isa = PBXFileReference; includeInIndex = 1; lastKnownFileType = text.xcconfig; name = "Pods-RunningApp.debug.xcconfig"; path = "Pods/Target Support Files/Pods-RunningApp/Pods-RunningApp.debug.xcconfig"; sourceTree = "<group>"; };
		AB4A23F43657309C31FDA106 /* Pods_RunningApp.framework */ = {isa = PBXFileReference; explicitFileType = wrapper.framework; includeInIndex = 0; path = Pods_RunningApp.framework; sourceTree = BUILT_PRODUCTS_DIR; };
		B52ED86E09986E423E72B09E /* Pods-RunningApp.release.xcconfig */ = {isa = PBXFileReference; includeInIndex = 1; lastKnownFileType = text.xcconfig; name = "Pods-RunningApp.release.xcconfig"; path = "Pods/Target Support Files/Pods-RunningApp/Pods-RunningApp.release.xcconfig"; sourceTree = "<group>"; };
		E3031D021F80E05A002C5739 /* SettingController.swift */ = {isa = PBXFileReference; lastKnownFileType = sourcecode.swift; path = SettingController.swift; sourceTree = "<group>"; };
		E3034EA31F87BFBF00FCB026 /* Const.swift */ = {isa = PBXFileReference; lastKnownFileType = sourcecode.swift; path = Const.swift; sourceTree = "<group>"; };
		E30530261FACC8C10097D9A3 /* Alert+.swift */ = {isa = PBXFileReference; lastKnownFileType = sourcecode.swift; path = "Alert+.swift"; sourceTree = "<group>"; };
		E30AE0471F8A4FF7002FEFAA /* ModalNavigationController.swift */ = {isa = PBXFileReference; lastKnownFileType = sourcecode.swift; path = ModalNavigationController.swift; sourceTree = "<group>"; };
		E32243651FDC255000477320 /* HomeCollectionViewCell.swift */ = {isa = PBXFileReference; lastKnownFileType = sourcecode.swift; path = HomeCollectionViewCell.swift; sourceTree = "<group>"; };
		E32243661FDC255000477320 /* HomeCollectionViewCell.xib */ = {isa = PBXFileReference; lastKnownFileType = file.xib; path = HomeCollectionViewCell.xib; sourceTree = "<group>"; };
		E3363D4C209893200018B88E /* RunDataInfoCollectionViewCell.swift */ = {isa = PBXFileReference; lastKnownFileType = sourcecode.swift; path = RunDataInfoCollectionViewCell.swift; sourceTree = "<group>"; };
		E3363D4D209893200018B88E /* RunDataInfoCollectionViewCell.xib */ = {isa = PBXFileReference; lastKnownFileType = file.xib; path = RunDataInfoCollectionViewCell.xib; sourceTree = "<group>"; };
		E33802931F852A76007EB199 /* SettingForm.swift */ = {isa = PBXFileReference; lastKnownFileType = sourcecode.swift; path = SettingForm.swift; sourceTree = "<group>"; };
		E33802951F852AD1007EB199 /* SettingForm.storyboard */ = {isa = PBXFileReference; lastKnownFileType = file.storyboard; path = SettingForm.storyboard; sourceTree = "<group>"; };
		E33A4F002095A3410002D92E /* HomeViewController.swift */ = {isa = PBXFileReference; lastKnownFileType = sourcecode.swift; path = HomeViewController.swift; sourceTree = "<group>"; };
		E33A4F022095A3530002D92E /* HomeModel.swift */ = {isa = PBXFileReference; lastKnownFileType = sourcecode.swift; path = HomeModel.swift; sourceTree = "<group>"; };
		E33A4F042095A3600002D92E /* HomePresenter.swift */ = {isa = PBXFileReference; lastKnownFileType = sourcecode.swift; path = HomePresenter.swift; sourceTree = "<group>"; };
		E33A4F072095A6A30002D92E /* AppColor.swift */ = {isa = PBXFileReference; lastKnownFileType = sourcecode.swift; path = AppColor.swift; sourceTree = "<group>"; };
		E341882D1F794073000AB961 /* TabBarController.swift */ = {isa = PBXFileReference; fileEncoding = 4; lastKnownFileType = sourcecode.swift; path = TabBarController.swift; sourceTree = "<group>"; };
		E34188351F794AE6000AB961 /* AppSize.swift */ = {isa = PBXFileReference; fileEncoding = 4; lastKnownFileType = sourcecode.swift; path = AppSize.swift; sourceTree = "<group>"; };
		E34188371F794E5B000AB961 /* WorkController.swift */ = {isa = PBXFileReference; fileEncoding = 4; lastKnownFileType = sourcecode.swift; path = WorkController.swift; sourceTree = "<group>"; };
		E341883A1F795520000AB961 /* WorkController.storyboard */ = {isa = PBXFileReference; fileEncoding = 4; lastKnownFileType = file.storyboard; path = WorkController.storyboard; sourceTree = "<group>"; };
		E344D6E120A5FD1C000ABB33 /* BaseUIButton.swift */ = {isa = PBXFileReference; lastKnownFileType = sourcecode.swift; path = BaseUIButton.swift; sourceTree = "<group>"; };
		E344D6E320A67CE2000ABB33 /* RunDataListViewController.swift */ = {isa = PBXFileReference; lastKnownFileType = sourcecode.swift; path = RunDataListViewController.swift; sourceTree = "<group>"; };
		E344D6E520A67D39000ABB33 /* RunDataPresenter.swift */ = {isa = PBXFileReference; lastKnownFileType = sourcecode.swift; path = RunDataPresenter.swift; sourceTree = "<group>"; };
		E344D6E720A67DB0000ABB33 /* RunDataListModel.swift */ = {isa = PBXFileReference; lastKnownFileType = sourcecode.swift; path = RunDataListModel.swift; sourceTree = "<group>"; };
		E344D6E920A69806000ABB33 /* Routing.swift */ = {isa = PBXFileReference; lastKnownFileType = sourcecode.swift; path = Routing.swift; sourceTree = "<group>"; };
		E344D6EC20A6C03A000ABB33 /* animation1.json */ = {isa = PBXFileReference; fileEncoding = 4; lastKnownFileType = text.json; path = animation1.json; sourceTree = "<group>"; };
		E344D6ED20A6C03A000ABB33 /* animation2.json */ = {isa = PBXFileReference; fileEncoding = 4; lastKnownFileType = text.json; path = animation2.json; sourceTree = "<group>"; };
		E344D6EE20A6C03A000ABB33 /* animation3.json */ = {isa = PBXFileReference; fileEncoding = 4; lastKnownFileType = text.json; path = animation3.json; sourceTree = "<group>"; };
		E344D6F420A70243000ABB33 /* RunManageCardView.swift */ = {isa = PBXFileReference; lastKnownFileType = sourcecode.swift; path = RunManageCardView.swift; sourceTree = "<group>"; };
		E344D6F620A70249000ABB33 /* RunManageCardView.xib */ = {isa = PBXFileReference; lastKnownFileType = file.xib; path = RunManageCardView.xib; sourceTree = "<group>"; };
		E344D6F820A75739000ABB33 /* SettingViewController.swift */ = {isa = PBXFileReference; lastKnownFileType = sourcecode.swift; path = SettingViewController.swift; sourceTree = "<group>"; };
		E344D6FA20A7578E000ABB33 /* SettingPresenter.swift */ = {isa = PBXFileReference; lastKnownFileType = sourcecode.swift; path = SettingPresenter.swift; sourceTree = "<group>"; };
		E344D6FC20A757DD000ABB33 /* SettingModel.swift */ = {isa = PBXFileReference; lastKnownFileType = sourcecode.swift; path = SettingModel.swift; sourceTree = "<group>"; };
		E35580141F8B2347000CE75E /* Utility.swift */ = {isa = PBXFileReference; lastKnownFileType = sourcecode.swift; path = Utility.swift; sourceTree = "<group>"; };
		E355F1951F9F7ADD00509CA1 /* UIViewController+.swift */ = {isa = PBXFileReference; lastKnownFileType = sourcecode.swift; path = "UIViewController+.swift"; sourceTree = "<group>"; };
		E355F1971F9F7ED300509CA1 /* UIView+.swift */ = {isa = PBXFileReference; lastKnownFileType = sourcecode.swift; path = "UIView+.swift"; sourceTree = "<group>"; };
		E365A1391F9255C50008D475 /* CompleteDialog.swift */ = {isa = PBXFileReference; lastKnownFileType = sourcecode.swift; path = CompleteDialog.swift; sourceTree = "<group>"; };
		E365A13C1F9256020008D475 /* CompleteDialog.xib */ = {isa = PBXFileReference; lastKnownFileType = file.xib; path = CompleteDialog.xib; sourceTree = "<group>"; };
		E365A13E1F9257770008D475 /* Dialog.swift */ = {isa = PBXFileReference; lastKnownFileType = sourcecode.swift; path = Dialog.swift; sourceTree = "<group>"; };
		E368B0E01FADC7690021985F /* Gradation.swift */ = {isa = PBXFileReference; lastKnownFileType = sourcecode.swift; path = Gradation.swift; sourceTree = "<group>"; };
		E368B0E21FADCC7F0021985F /* GradiateView.swift */ = {isa = PBXFileReference; lastKnownFileType = sourcecode.swift; path = GradiateView.swift; sourceTree = "<group>"; };
		E36913001F97624500A9B19C /* RealmDataSet.swift */ = {isa = PBXFileReference; lastKnownFileType = sourcecode.swift; path = RealmDataSet.swift; sourceTree = "<group>"; };
		E36B803F20A1EE8200C6E615 /* RunManageViewController.swift */ = {isa = PBXFileReference; lastKnownFileType = sourcecode.swift; path = RunManageViewController.swift; sourceTree = "<group>"; };
		E36B804120A1EE9100C6E615 /* RunManageModel.swift */ = {isa = PBXFileReference; lastKnownFileType = sourcecode.swift; path = RunManageModel.swift; sourceTree = "<group>"; };
		E36B804320A1EEC200C6E615 /* RunManagePresenter.swift */ = {isa = PBXFileReference; lastKnownFileType = sourcecode.swift; path = RunManagePresenter.swift; sourceTree = "<group>"; };
		E37631871FBEE70600D027E5 /* Picker.swift */ = {isa = PBXFileReference; lastKnownFileType = sourcecode.swift; path = Picker.swift; sourceTree = "<group>"; };
		E37631891FBEE70C00D027E5 /* Picker.xib */ = {isa = PBXFileReference; lastKnownFileType = file.xib; path = Picker.xib; sourceTree = "<group>"; };
		E37DDE241FAA1B2100EC61E5 /* Loading.swift */ = {isa = PBXFileReference; lastKnownFileType = sourcecode.swift; path = Loading.swift; sourceTree = "<group>"; };
		E37DDE261FAA1B2800EC61E5 /* Loading.xib */ = {isa = PBXFileReference; lastKnownFileType = file.xib; path = Loading.xib; sourceTree = "<group>"; };
		E380AB2D1F23735F0034EA8F /* RunningApp.app */ = {isa = PBXFileReference; explicitFileType = wrapper.application; includeInIndex = 0; path = RunningApp.app; sourceTree = BUILT_PRODUCTS_DIR; };
		E380AB301F23735F0034EA8F /* AppDelegate.swift */ = {isa = PBXFileReference; lastKnownFileType = sourcecode.swift; path = AppDelegate.swift; sourceTree = "<group>"; };
		E380AB371F23735F0034EA8F /* Assets.xcassets */ = {isa = PBXFileReference; lastKnownFileType = folder.assetcatalog; path = Assets.xcassets; sourceTree = "<group>"; };
		E380AB3A1F23735F0034EA8F /* Base */ = {isa = PBXFileReference; lastKnownFileType = file.storyboard; name = Base; path = Base.lproj/LaunchScreen.storyboard; sourceTree = "<group>"; };
		E380AB3C1F23735F0034EA8F /* Info.plist */ = {isa = PBXFileReference; lastKnownFileType = text.plist.xml; path = Info.plist; sourceTree = "<group>"; };
		E3894FCE1F8CF62A000313CC /* TappableButton.swift */ = {isa = PBXFileReference; lastKnownFileType = sourcecode.swift; path = TappableButton.swift; sourceTree = "<group>"; };
		E38F7FAA1F9AF3ED0036CEE0 /* SettingCell.swift */ = {isa = PBXFileReference; lastKnownFileType = sourcecode.swift; path = SettingCell.swift; sourceTree = "<group>"; };
		E38F7FAC1F9AF4CA0036CEE0 /* SettingCell.xib */ = {isa = PBXFileReference; lastKnownFileType = file.xib; path = SettingCell.xib; sourceTree = "<group>"; };
		E39594021F30C574004AEB27 /* Interactor.swift */ = {isa = PBXFileReference; fileEncoding = 4; lastKnownFileType = sourcecode.swift; path = Interactor.swift; sourceTree = "<group>"; };
		E3A84C591FC31FE200540812 /* CoreMotion.framework */ = {isa = PBXFileReference; lastKnownFileType = wrapper.framework; name = CoreMotion.framework; path = System/Library/Frameworks/CoreMotion.framework; sourceTree = SDKROOT; };
		E3B15B5D1F7BEEE200E17A84 /* CoreLocation.framework */ = {isa = PBXFileReference; lastKnownFileType = wrapper.framework; name = CoreLocation.framework; path = System/Library/Frameworks/CoreLocation.framework; sourceTree = SDKROOT; };
		E3CAC82B1FAB229C00AE1B55 /* MyPageCell.swift */ = {isa = PBXFileReference; lastKnownFileType = sourcecode.swift; path = MyPageCell.swift; sourceTree = "<group>"; };
		E3CAC82E1FAB22B900AE1B55 /* MyPageCell.xib */ = {isa = PBXFileReference; lastKnownFileType = file.xib; path = MyPageCell.xib; sourceTree = "<group>"; };
		E3CE4ABD1FA8AB3F0074200A /* Gradiate.swift */ = {isa = PBXFileReference; lastKnownFileType = sourcecode.swift; path = Gradiate.swift; sourceTree = "<group>"; };
		E3D259A21FAAA59F00978399 /* NoDateView.swift */ = {isa = PBXFileReference; lastKnownFileType = sourcecode.swift; path = NoDateView.swift; sourceTree = "<group>"; };
		E3D259A51FAAA5BF00978399 /* NoDateView.xib */ = {isa = PBXFileReference; lastKnownFileType = file.xib; path = NoDateView.xib; sourceTree = "<group>"; };
		E3D2EBCF20065DDF0024BAFC /* down.mp3 */ = {isa = PBXFileReference; lastKnownFileType = audio.mp3; path = down.mp3; sourceTree = "<group>"; };
		E3D2EBD120065DF30024BAFC /* up.mp3 */ = {isa = PBXFileReference; lastKnownFileType = audio.mp3; path = up.mp3; sourceTree = "<group>"; };
		E3D2EBD3200664AC0024BAFC /* maintain.mp3 */ = {isa = PBXFileReference; lastKnownFileType = audio.mp3; path = maintain.mp3; sourceTree = "<group>"; };
		E3F4032D1F88C6EC0073DC45 /* DismissAnimator.swift.swift */ = {isa = PBXFileReference; lastKnownFileType = sourcecode.swift; path = DismissAnimator.swift.swift; sourceTree = "<group>"; };
		E3FE60C21F9CE3FB0080E378 /* Animation+.swift */ = {isa = PBXFileReference; lastKnownFileType = sourcecode.swift; path = "Animation+.swift"; sourceTree = "<group>"; };
/* End PBXFileReference section */

/* Begin PBXFrameworksBuildPhase section */
		E380AB2A1F23735F0034EA8F /* Frameworks */ = {
			isa = PBXFrameworksBuildPhase;
			buildActionMask = 2147483647;
			files = (
				E3A84C5A1FC31FF400540812 /* CoreMotion.framework in Frameworks */,
				E3B15B5E1F7BEEE200E17A84 /* CoreLocation.framework in Frameworks */,
				E1633205A450704EC5F7B81C /* Pods_RunningApp.framework in Frameworks */,
			);
			runOnlyForDeploymentPostprocessing = 0;
		};
/* End PBXFrameworksBuildPhase section */

/* Begin PBXGroup section */
		0798D57CB21707C1F6EF7146 /* Pods */ = {
			isa = PBXGroup;
			children = (
				58F06D7142BEEE9F74DD4C7B /* Pods-RunningApp.debug.xcconfig */,
				B52ED86E09986E423E72B09E /* Pods-RunningApp.release.xcconfig */,
			);
			name = Pods;
			sourceTree = "<group>";
		};
		64628182FCE8393FCA94B6B0 /* Frameworks */ = {
			isa = PBXGroup;
			children = (
				E3A84C591FC31FE200540812 /* CoreMotion.framework */,
				E3B15B5D1F7BEEE200E17A84 /* CoreLocation.framework */,
				AB4A23F43657309C31FDA106 /* Pods_RunningApp.framework */,
			);
			name = Frameworks;
			sourceTree = "<group>";
		};
		E3031D011F80E041002C5739 /* Setting */ = {
			isa = PBXGroup;
			children = (
				E328FB801F866FEC00E1D4BC /* SettingForm */,
				E3031D021F80E05A002C5739 /* SettingController.swift */,
			);
			path = Setting;
			sourceTree = "<group>";
		};
		E32243611FDC208800477320 /* HomeCustomCell */ = {
			isa = PBXGroup;
			children = (
				E32243651FDC255000477320 /* HomeCollectionViewCell.swift */,
				E32243661FDC255000477320 /* HomeCollectionViewCell.xib */,
			);
			path = HomeCustomCell;
			sourceTree = "<group>";
		};
		E32754F11FC69AD40077504D /* Model */ = {
			isa = PBXGroup;
			children = (
				E38F7FB11F9B0BF00036CEE0 /* Realm */,
				E33A4F022095A3530002D92E /* HomeModel.swift */,
				E36B804120A1EE9100C6E615 /* RunManageModel.swift */,
				E344D6E720A67DB0000ABB33 /* RunDataListModel.swift */,
				E344D6FC20A757DD000ABB33 /* SettingModel.swift */,
			);
			path = Model;
			sourceTree = "<group>";
		};
		E328FB801F866FEC00E1D4BC /* SettingForm */ = {
			isa = PBXGroup;
			children = (
				E33802951F852AD1007EB199 /* SettingForm.storyboard */,
				E33802931F852A76007EB199 /* SettingForm.swift */,
			);
			path = SettingForm;
			sourceTree = "<group>";
		};
		E32962F11FD295DE0096174A /* CustomCell */ = {
			isa = PBXGroup;
			children = (
				E32243611FDC208800477320 /* HomeCustomCell */,
				E3CAC82D1FAB22B300AE1B55 /* MyPageCell */,
				E38F7FAE1F9B0B310036CEE0 /* SettingCell */,
			);
			path = CustomCell;
			sourceTree = "<group>";
		};
		E3363D49209892E20018B88E /* Components */ = {
			isa = PBXGroup;
			children = (
				E344D6F320A7022C000ABB33 /* RunManageCardView */,
				E3363D4A209892F40018B88E /* Cell */,
			);
			path = Components;
			sourceTree = "<group>";
		};
		E3363D4A209892F40018B88E /* Cell */ = {
			isa = PBXGroup;
			children = (
				E3363D4B209892FA0018B88E /* RunDataInfoCollectionViewCell */,
			);
			path = Cell;
			sourceTree = "<group>";
		};
		E3363D4B209892FA0018B88E /* RunDataInfoCollectionViewCell */ = {
			isa = PBXGroup;
			children = (
				E3363D4C209893200018B88E /* RunDataInfoCollectionViewCell.swift */,
				E3363D4D209893200018B88E /* RunDataInfoCollectionViewCell.xib */,
			);
			path = RunDataInfoCollectionViewCell;
			sourceTree = "<group>";
		};
		E33A4EFD2095A3050002D92E /* View */ = {
			isa = PBXGroup;
			children = (
				E3363D49209892E20018B88E /* Components */,
				E33A4F002095A3410002D92E /* HomeViewController.swift */,
				E36B803F20A1EE8200C6E615 /* RunManageViewController.swift */,
				E344D6E320A67CE2000ABB33 /* RunDataListViewController.swift */,
				E344D6F820A75739000ABB33 /* SettingViewController.swift */,
			);
			path = View;
			sourceTree = "<group>";
		};
		E33A4EFF2095A30F0002D92E /* Presenter */ = {
			isa = PBXGroup;
			children = (
				E33A4F042095A3600002D92E /* HomePresenter.swift */,
				E36B804320A1EEC200C6E615 /* RunManagePresenter.swift */,
				E344D6E520A67D39000ABB33 /* RunDataPresenter.swift */,
				E344D6FA20A7578E000ABB33 /* SettingPresenter.swift */,
			);
			path = Presenter;
			sourceTree = "<group>";
		};
		E33A4F062095A6990002D92E /* App */ = {
			isa = PBXGroup;
			children = (
				E380AB301F23735F0034EA8F /* AppDelegate.swift */,
				E3034EA31F87BFBF00FCB026 /* Const.swift */,
				E34188351F794AE6000AB961 /* AppSize.swift */,
				E33A4F072095A6A30002D92E /* AppColor.swift */,
			);
			path = App;
			sourceTree = "<group>";
		};
		E341882B1F793D5E000AB961 /* Resources */ = {
			isa = PBXGroup;
			children = (
				E344D6EE20A6C03A000ABB33 /* animation3.json */,
				E344D6ED20A6C03A000ABB33 /* animation2.json */,
				E344D6EC20A6C03A000ABB33 /* animation1.json */,
				E3D2EBD120065DF30024BAFC /* up.mp3 */,
				E3D2EBD3200664AC0024BAFC /* maintain.mp3 */,
				E3D2EBCF20065DDF0024BAFC /* down.mp3 */,
				E380AB371F23735F0034EA8F /* Assets.xcassets */,
			);
			path = Resources;
			sourceTree = "<group>";
		};
		E344D6EB20A698C4000ABB33 /* Routing */ = {
			isa = PBXGroup;
			children = (
				E341882D1F794073000AB961 /* TabBarController.swift */,
				E344D6E920A69806000ABB33 /* Routing.swift */,
			);
			path = Routing;
			sourceTree = "<group>";
		};
		E344D6F320A7022C000ABB33 /* RunManageCardView */ = {
			isa = PBXGroup;
			children = (
				E344D6F420A70243000ABB33 /* RunManageCardView.swift */,
				E344D6F620A70249000ABB33 /* RunManageCardView.xib */,
			);
			path = RunManageCardView;
			sourceTree = "<group>";
		};
		E365A13B1F9255E00008D475 /* Dialog */ = {
			isa = PBXGroup;
			children = (
				E365A1401F9258AC0008D475 /* CompleteDialog */,
				E37DDE231FAA1AFF00EC61E5 /* Loading */,
				E365A13E1F9257770008D475 /* Dialog.swift */,
			);
			path = Dialog;
			sourceTree = "<group>";
		};
		E365A1401F9258AC0008D475 /* CompleteDialog */ = {
			isa = PBXGroup;
			children = (
				E365A1391F9255C50008D475 /* CompleteDialog.swift */,
				E365A13C1F9256020008D475 /* CompleteDialog.xib */,
			);
			path = CompleteDialog;
			sourceTree = "<group>";
		};
		E368B0DF1FADC7550021985F /* Gradation */ = {
			isa = PBXGroup;
			children = (
				E368B0E01FADC7690021985F /* Gradation.swift */,
				E3CE4ABD1FA8AB3F0074200A /* Gradiate.swift */,
				E368B0E21FADCC7F0021985F /* GradiateView.swift */,
			);
			path = Gradation;
			sourceTree = "<group>";
		};
		E3762A741F8FA1F100B0B501 /* Lib */ = {
			isa = PBXGroup;
			children = (
				E3894FCD1F8CF607000313CC /* Extension */,
				E368B0DF1FADC7550021985F /* Gradation */,
				E38F7FB01F9B0BBF0036CEE0 /* ViewParts */,
				E35580141F8B2347000CE75E /* Utility.swift */,
			);
			path = Lib;
			sourceTree = "<group>";
		};
		E37631861FBEE6F000D027E5 /* Picker */ = {
			isa = PBXGroup;
			children = (
				E37631871FBEE70600D027E5 /* Picker.swift */,
				E37631891FBEE70C00D027E5 /* Picker.xib */,
			);
			path = Picker;
			sourceTree = "<group>";
		};
		E37DDE231FAA1AFF00EC61E5 /* Loading */ = {
			isa = PBXGroup;
			children = (
				E37DDE241FAA1B2100EC61E5 /* Loading.swift */,
				E37DDE261FAA1B2800EC61E5 /* Loading.xib */,
			);
			path = Loading;
			sourceTree = "<group>";
		};
		E380AB241F23735E0034EA8F = {
			isa = PBXGroup;
			children = (
				64628182FCE8393FCA94B6B0 /* Frameworks */,
				0798D57CB21707C1F6EF7146 /* Pods */,
				E380AB2E1F23735F0034EA8F /* Products */,
				E380AB2F1F23735F0034EA8F /* RunningApp */,
			);
			sourceTree = "<group>";
			wrapsLines = 0;
		};
		E380AB2E1F23735F0034EA8F /* Products */ = {
			isa = PBXGroup;
			children = (
				E380AB2D1F23735F0034EA8F /* RunningApp.app */,
			);
			name = Products;
			sourceTree = "<group>";
		};
		E380AB2F1F23735F0034EA8F /* RunningApp */ = {
			isa = PBXGroup;
			children = (
				E344D6EB20A698C4000ABB33 /* Routing */,
				E33A4F062095A6990002D92E /* App */,
				E33A4EFF2095A30F0002D92E /* Presenter */,
				E33A4EFD2095A3050002D92E /* View */,
				E38F7FAF1F9B0B460036CEE0 /* Main */,
				E32754F11FC69AD40077504D /* Model */,
				E341882B1F793D5E000AB961 /* Resources */,
				E3762A741F8FA1F100B0B501 /* Lib */,
				E380AB3C1F23735F0034EA8F /* Info.plist */,
				E380AB391F23735F0034EA8F /* LaunchScreen.storyboard */,
			);
			path = RunningApp;
			sourceTree = "<group>";
		};
		E3894FCD1F8CF607000313CC /* Extension */ = {
			isa = PBXGroup;
			children = (
				E30530261FACC8C10097D9A3 /* Alert+.swift */,
				E3FE60C21F9CE3FB0080E378 /* Animation+.swift */,
				E3894FCE1F8CF62A000313CC /* TappableButton.swift */,
				E355F1971F9F7ED300509CA1 /* UIView+.swift */,
				E355F1951F9F7ADD00509CA1 /* UIViewController+.swift */,
				E344D6E120A5FD1C000ABB33 /* BaseUIButton.swift */,
			);
			path = Extension;
			sourceTree = "<group>";
		};
		E38F7FAE1F9B0B310036CEE0 /* SettingCell */ = {
			isa = PBXGroup;
			children = (
				E38F7FAA1F9AF3ED0036CEE0 /* SettingCell.swift */,
				E38F7FAC1F9AF4CA0036CEE0 /* SettingCell.xib */,
			);
			path = SettingCell;
			sourceTree = "<group>";
		};
		E38F7FAF1F9B0B460036CEE0 /* Main */ = {
			isa = PBXGroup;
			children = (
				E3031D011F80E041002C5739 /* Setting */,
				E3F4032C1F88C6CF0073DC45 /* Work */,
			);
			path = Main;
			sourceTree = "<group>";
		};
		E38F7FB01F9B0BBF0036CEE0 /* ViewParts */ = {
			isa = PBXGroup;
			children = (
				E32962F11FD295DE0096174A /* CustomCell */,
				E365A13B1F9255E00008D475 /* Dialog */,
				E3D259A41FAAA5AC00978399 /* NoDateView */,
				E37631861FBEE6F000D027E5 /* Picker */,
			);
			path = ViewParts;
			sourceTree = "<group>";
		};
		E38F7FB11F9B0BF00036CEE0 /* Realm */ = {
			isa = PBXGroup;
			children = (
				E36913001F97624500A9B19C /* RealmDataSet.swift */,
			);
			path = Realm;
			sourceTree = "<group>";
		};
		E3CAC82D1FAB22B300AE1B55 /* MyPageCell */ = {
			isa = PBXGroup;
			children = (
				E3CAC82B1FAB229C00AE1B55 /* MyPageCell.swift */,
				E3CAC82E1FAB22B900AE1B55 /* MyPageCell.xib */,
			);
			path = MyPageCell;
			sourceTree = "<group>";
		};
		E3D259A41FAAA5AC00978399 /* NoDateView */ = {
			isa = PBXGroup;
			children = (
				E3D259A21FAAA59F00978399 /* NoDateView.swift */,
				E3D259A51FAAA5BF00978399 /* NoDateView.xib */,
			);
			path = NoDateView;
			sourceTree = "<group>";
		};
		E3F4032C1F88C6CF0073DC45 /* Work */ = {
			isa = PBXGroup;
			children = (
				E3F4032D1F88C6EC0073DC45 /* DismissAnimator.swift.swift */,
				E39594021F30C574004AEB27 /* Interactor.swift */,
				E30AE0471F8A4FF7002FEFAA /* ModalNavigationController.swift */,
				E341883A1F795520000AB961 /* WorkController.storyboard */,
				E34188371F794E5B000AB961 /* WorkController.swift */,
			);
			path = Work;
			sourceTree = "<group>";
		};
/* End PBXGroup section */

/* Begin PBXNativeTarget section */
		E380AB2C1F23735F0034EA8F /* RunningApp */ = {
			isa = PBXNativeTarget;
			buildConfigurationList = E380AB3F1F23735F0034EA8F /* Build configuration list for PBXNativeTarget "RunningApp" */;
			buildPhases = (
				9A08373E671D9C408B8CE73A /* [CP] Check Pods Manifest.lock */,
				E380AB291F23735F0034EA8F /* Sources */,
				E380AB2A1F23735F0034EA8F /* Frameworks */,
				E380AB2B1F23735F0034EA8F /* Resources */,
				5C216D72004B08DA5151FD27 /* [CP] Embed Pods Frameworks */,
				2A1413C9FB4AA1C048702B1A /* [CP] Copy Pods Resources */,
			);
			buildRules = (
			);
			dependencies = (
			);
			name = RunningApp;
			productName = RunningApp;
			productReference = E380AB2D1F23735F0034EA8F /* RunningApp.app */;
			productType = "com.apple.product-type.application";
		};
/* End PBXNativeTarget section */

/* Begin PBXProject section */
		E380AB251F23735E0034EA8F /* Project object */ = {
			isa = PBXProject;
			attributes = {
				LastSwiftUpdateCheck = 0830;
				LastUpgradeCheck = 0930;
				ORGANIZATIONNAME = "ryo kagaya";
				TargetAttributes = {
					E380AB2C1F23735F0034EA8F = {
						CreatedOnToolsVersion = 8.3.1;
						DevelopmentTeam = 8S39MY764C;
						LastSwiftMigration = 0900;
						ProvisioningStyle = Automatic;
						SystemCapabilities = {
							com.apple.Maps.iOS = {
								enabled = 0;
							};
						};
					};
				};
			};
			buildConfigurationList = E380AB281F23735E0034EA8F /* Build configuration list for PBXProject "RunningApp" */;
			compatibilityVersion = "Xcode 3.2";
			developmentRegion = English;
			hasScannedForEncodings = 0;
			knownRegions = (
				en,
				Base,
			);
			mainGroup = E380AB241F23735E0034EA8F;
			productRefGroup = E380AB2E1F23735F0034EA8F /* Products */;
			projectDirPath = "";
			projectRoot = "";
			targets = (
				E380AB2C1F23735F0034EA8F /* RunningApp */,
			);
		};
/* End PBXProject section */

/* Begin PBXResourcesBuildPhase section */
		E380AB2B1F23735F0034EA8F /* Resources */ = {
			isa = PBXResourcesBuildPhase;
			buildActionMask = 2147483647;
			files = (
				E344D6F120A6C03A000ABB33 /* animation3.json in Resources */,
				E3D259A61FAAA5BF00978399 /* NoDateView.xib in Resources */,
				E365A13D1F9256020008D475 /* CompleteDialog.xib in Resources */,
				E3D2EBD220065DF30024BAFC /* up.mp3 in Resources */,
				E344D6F720A70249000ABB33 /* RunManageCardView.xib in Resources */,
				E3D2EBD020065DDF0024BAFC /* down.mp3 in Resources */,
				E376318A1FBEE70C00D027E5 /* Picker.xib in Resources */,
				E3363D4F209893200018B88E /* RunDataInfoCollectionViewCell.xib in Resources */,
				E344D6EF20A6C03A000ABB33 /* animation1.json in Resources */,
				E3D2EBD4200664AD0024BAFC /* maintain.mp3 in Resources */,
				E38F7FAD1F9AF4CA0036CEE0 /* SettingCell.xib in Resources */,
				E37DDE271FAA1B2800EC61E5 /* Loading.xib in Resources */,
				E3CAC82F1FAB22B900AE1B55 /* MyPageCell.xib in Resources */,
				E380AB3B1F23735F0034EA8F /* LaunchScreen.storyboard in Resources */,
				E380AB381F23735F0034EA8F /* Assets.xcassets in Resources */,
				E32243681FDC255000477320 /* HomeCollectionViewCell.xib in Resources */,
				E341883B1F795520000AB961 /* WorkController.storyboard in Resources */,
				E344D6F020A6C03A000ABB33 /* animation2.json in Resources */,
				E33802961F852AD1007EB199 /* SettingForm.storyboard in Resources */,
			);
			runOnlyForDeploymentPostprocessing = 0;
		};
/* End PBXResourcesBuildPhase section */

/* Begin PBXShellScriptBuildPhase section */
		2A1413C9FB4AA1C048702B1A /* [CP] Copy Pods Resources */ = {
			isa = PBXShellScriptBuildPhase;
			buildActionMask = 2147483647;
			files = (
			);
			inputPaths = (
			);
			name = "[CP] Copy Pods Resources";
			outputPaths = (
			);
			runOnlyForDeploymentPostprocessing = 0;
			shellPath = /bin/sh;
			shellScript = "\"${SRCROOT}/Pods/Target Support Files/Pods-RunningApp/Pods-RunningApp-resources.sh\"\n";
			showEnvVarsInLog = 0;
		};
		5C216D72004B08DA5151FD27 /* [CP] Embed Pods Frameworks */ = {
			isa = PBXShellScriptBuildPhase;
			buildActionMask = 2147483647;
			files = (
			);
			inputPaths = (
				"${SRCROOT}/Pods/Target Support Files/Pods-RunningApp/Pods-RunningApp-frameworks.sh",
				"${BUILT_PRODUCTS_DIR}/Charts/Charts.framework",
				"${BUILT_PRODUCTS_DIR}/Realm/Realm.framework",
				"${BUILT_PRODUCTS_DIR}/RealmSwift/RealmSwift.framework",
				"${BUILT_PRODUCTS_DIR}/lottie-ios/Lottie.framework",
			);
			name = "[CP] Embed Pods Frameworks";
			outputPaths = (
				"${TARGET_BUILD_DIR}/${FRAMEWORKS_FOLDER_PATH}/Charts.framework",
				"${TARGET_BUILD_DIR}/${FRAMEWORKS_FOLDER_PATH}/Realm.framework",
				"${TARGET_BUILD_DIR}/${FRAMEWORKS_FOLDER_PATH}/RealmSwift.framework",
				"${TARGET_BUILD_DIR}/${FRAMEWORKS_FOLDER_PATH}/Lottie.framework",
			);
			runOnlyForDeploymentPostprocessing = 0;
			shellPath = /bin/sh;
			shellScript = "\"${SRCROOT}/Pods/Target Support Files/Pods-RunningApp/Pods-RunningApp-frameworks.sh\"\n";
			showEnvVarsInLog = 0;
		};
		9A08373E671D9C408B8CE73A /* [CP] Check Pods Manifest.lock */ = {
			isa = PBXShellScriptBuildPhase;
			buildActionMask = 2147483647;
			files = (
			);
			inputPaths = (
				"${PODS_PODFILE_DIR_PATH}/Podfile.lock",
				"${PODS_ROOT}/Manifest.lock",
			);
			name = "[CP] Check Pods Manifest.lock";
			outputPaths = (
				"$(DERIVED_FILE_DIR)/Pods-RunningApp-checkManifestLockResult.txt",
			);
			runOnlyForDeploymentPostprocessing = 0;
			shellPath = /bin/sh;
			shellScript = "diff \"${PODS_PODFILE_DIR_PATH}/Podfile.lock\" \"${PODS_ROOT}/Manifest.lock\" > /dev/null\nif [ $? != 0 ] ; then\n    # print error to STDERR\n    echo \"error: The sandbox is not in sync with the Podfile.lock. Run 'pod install' or update your CocoaPods installation.\" >&2\n    exit 1\nfi\n# This output is used by Xcode 'outputs' to avoid re-running this script phase.\necho \"SUCCESS\" > \"${SCRIPT_OUTPUT_FILE_0}\"\n";
			showEnvVarsInLog = 0;
		};
/* End PBXShellScriptBuildPhase section */

/* Begin PBXSourcesBuildPhase section */
		E380AB291F23735F0034EA8F /* Sources */ = {
			isa = PBXSourcesBuildPhase;
			buildActionMask = 2147483647;
			files = (
				E35580151F8B2347000CE75E /* Utility.swift in Sources */,
				E36913011F97624500A9B19C /* RealmDataSet.swift in Sources */,
				E3031D031F80E05A002C5739 /* SettingController.swift in Sources */,
				E33A4F032095A3530002D92E /* HomeModel.swift in Sources */,
				E36B804020A1EE8200C6E615 /* RunManageViewController.swift in Sources */,
				E344D6F920A75739000ABB33 /* SettingViewController.swift in Sources */,
				E33A4F012095A3410002D92E /* HomeViewController.swift in Sources */,
				E368B0E11FADC7690021985F /* Gradation.swift in Sources */,
				E344D6E220A5FD1C000ABB33 /* BaseUIButton.swift in Sources */,
				E355F1961F9F7ADD00509CA1 /* UIViewController+.swift in Sources */,
				E30530271FACC8C10097D9A3 /* Alert+.swift in Sources */,
				E34188361F794AE6000AB961 /* AppSize.swift in Sources */,
				E344D6F520A70243000ABB33 /* RunManageCardView.swift in Sources */,
				E37631881FBEE70600D027E5 /* Picker.swift in Sources */,
				E3894FCF1F8CF62A000313CC /* TappableButton.swift in Sources */,
				E39594071F30C574004AEB27 /* Interactor.swift in Sources */,
				E32243671FDC255000477320 /* HomeCollectionViewCell.swift in Sources */,
				E36B804220A1EE9100C6E615 /* RunManageModel.swift in Sources */,
				E33A4F052095A3600002D92E /* HomePresenter.swift in Sources */,
				E365A13A1F9255C50008D475 /* CompleteDialog.swift in Sources */,
				E30AE0481F8A4FF7002FEFAA /* ModalNavigationController.swift in Sources */,
				E3CAC82C1FAB229C00AE1B55 /* MyPageCell.swift in Sources */,
				E3034EA41F87BFBF00FCB026 /* Const.swift in Sources */,
				E34188381F794E5B000AB961 /* WorkController.swift in Sources */,
				E3D259A31FAAA59F00978399 /* NoDateView.swift in Sources */,
				E344D6E820A67DB0000ABB33 /* RunDataListModel.swift in Sources */,
				E36B804420A1EEC200C6E615 /* RunManagePresenter.swift in Sources */,
				E3FE60C31F9CE3FB0080E378 /* Animation+.swift in Sources */,
				E355F1981F9F7ED300509CA1 /* UIView+.swift in Sources */,
				E365A13F1F9257770008D475 /* Dialog.swift in Sources */,
				E37DDE251FAA1B2100EC61E5 /* Loading.swift in Sources */,
				E344D6EA20A69806000ABB33 /* Routing.swift in Sources */,
				E341882E1F794073000AB961 /* TabBarController.swift in Sources */,
				E3363D4E209893200018B88E /* RunDataInfoCollectionViewCell.swift in Sources */,
				E344D6E620A67D39000ABB33 /* RunDataPresenter.swift in Sources */,
				E344D6FD20A757DD000ABB33 /* SettingModel.swift in Sources */,
				E344D6E420A67CE2000ABB33 /* RunDataListViewController.swift in Sources */,
				E38F7FAB1F9AF3ED0036CEE0 /* SettingCell.swift in Sources */,
				E33802941F852A76007EB199 /* SettingForm.swift in Sources */,
				E380AB311F23735F0034EA8F /* AppDelegate.swift in Sources */,
				E344D6FB20A7578E000ABB33 /* SettingPresenter.swift in Sources */,
				E33A4F082095A6A30002D92E /* AppColor.swift in Sources */,
				E3F4032E1F88C6EC0073DC45 /* DismissAnimator.swift.swift in Sources */,
				E368B0E31FADCC7F0021985F /* GradiateView.swift in Sources */,
				E3CE4ABE1FA8AB3F0074200A /* Gradiate.swift in Sources */,
			);
			runOnlyForDeploymentPostprocessing = 0;
		};
/* End PBXSourcesBuildPhase section */

/* Begin PBXVariantGroup section */
		E380AB391F23735F0034EA8F /* LaunchScreen.storyboard */ = {
			isa = PBXVariantGroup;
			children = (
				E380AB3A1F23735F0034EA8F /* Base */,
			);
			name = LaunchScreen.storyboard;
			path = .;
			sourceTree = "<group>";
		};
/* End PBXVariantGroup section */

/* Begin XCBuildConfiguration section */
		E380AB3D1F23735F0034EA8F /* Debug */ = {
			isa = XCBuildConfiguration;
			buildSettings = {
				ALWAYS_SEARCH_USER_PATHS = NO;
				CLANG_ANALYZER_NONNULL = YES;
				CLANG_ANALYZER_NUMBER_OBJECT_CONVERSION = YES_AGGRESSIVE;
				CLANG_CXX_LANGUAGE_STANDARD = "gnu++0x";
				CLANG_CXX_LIBRARY = "libc++";
				CLANG_ENABLE_MODULES = YES;
				CLANG_ENABLE_OBJC_ARC = YES;
				CLANG_WARN_BLOCK_CAPTURE_AUTORELEASING = YES;
				CLANG_WARN_BOOL_CONVERSION = YES;
				CLANG_WARN_COMMA = YES;
				CLANG_WARN_CONSTANT_CONVERSION = YES;
				CLANG_WARN_DEPRECATED_OBJC_IMPLEMENTATIONS = YES;
				CLANG_WARN_DIRECT_OBJC_ISA_USAGE = YES_ERROR;
				CLANG_WARN_DOCUMENTATION_COMMENTS = YES;
				CLANG_WARN_EMPTY_BODY = YES;
				CLANG_WARN_ENUM_CONVERSION = YES;
				CLANG_WARN_INFINITE_RECURSION = YES;
				CLANG_WARN_INT_CONVERSION = YES;
				CLANG_WARN_NON_LITERAL_NULL_CONVERSION = YES;
				CLANG_WARN_OBJC_IMPLICIT_RETAIN_SELF = YES;
				CLANG_WARN_OBJC_LITERAL_CONVERSION = YES;
				CLANG_WARN_OBJC_ROOT_CLASS = YES_ERROR;
				CLANG_WARN_RANGE_LOOP_ANALYSIS = YES;
				CLANG_WARN_STRICT_PROTOTYPES = YES;
				CLANG_WARN_SUSPICIOUS_MOVE = YES;
				CLANG_WARN_UNREACHABLE_CODE = YES;
				CLANG_WARN__DUPLICATE_METHOD_MATCH = YES;
				"CODE_SIGN_IDENTITY[sdk=iphoneos*]" = "iPhone Developer";
				COPY_PHASE_STRIP = NO;
				DEBUG_INFORMATION_FORMAT = dwarf;
				ENABLE_STRICT_OBJC_MSGSEND = YES;
				ENABLE_TESTABILITY = YES;
				GCC_C_LANGUAGE_STANDARD = gnu99;
				GCC_DYNAMIC_NO_PIC = NO;
				GCC_NO_COMMON_BLOCKS = YES;
				GCC_OPTIMIZATION_LEVEL = 0;
				GCC_PREPROCESSOR_DEFINITIONS = (
					"DEBUG=1",
					"$(inherited)",
				);
				GCC_WARN_64_TO_32_BIT_CONVERSION = YES;
				GCC_WARN_ABOUT_RETURN_TYPE = YES_ERROR;
				GCC_WARN_UNDECLARED_SELECTOR = YES;
				GCC_WARN_UNINITIALIZED_AUTOS = YES_AGGRESSIVE;
				GCC_WARN_UNUSED_FUNCTION = YES;
				GCC_WARN_UNUSED_VARIABLE = YES;
				IPHONEOS_DEPLOYMENT_TARGET = 10.3;
				MTL_ENABLE_DEBUG_INFO = YES;
				ONLY_ACTIVE_ARCH = YES;
				SDKROOT = iphoneos;
				SWIFT_ACTIVE_COMPILATION_CONDITIONS = DEBUG;
				SWIFT_OPTIMIZATION_LEVEL = "-Onone";
			};
			name = Debug;
		};
		E380AB3E1F23735F0034EA8F /* Release */ = {
			isa = XCBuildConfiguration;
			buildSettings = {
				ALWAYS_SEARCH_USER_PATHS = NO;
				CLANG_ANALYZER_NONNULL = YES;
				CLANG_ANALYZER_NUMBER_OBJECT_CONVERSION = YES_AGGRESSIVE;
				CLANG_CXX_LANGUAGE_STANDARD = "gnu++0x";
				CLANG_CXX_LIBRARY = "libc++";
				CLANG_ENABLE_MODULES = YES;
				CLANG_ENABLE_OBJC_ARC = YES;
				CLANG_WARN_BLOCK_CAPTURE_AUTORELEASING = YES;
				CLANG_WARN_BOOL_CONVERSION = YES;
				CLANG_WARN_COMMA = YES;
				CLANG_WARN_CONSTANT_CONVERSION = YES;
				CLANG_WARN_DEPRECATED_OBJC_IMPLEMENTATIONS = YES;
				CLANG_WARN_DIRECT_OBJC_ISA_USAGE = YES_ERROR;
				CLANG_WARN_DOCUMENTATION_COMMENTS = YES;
				CLANG_WARN_EMPTY_BODY = YES;
				CLANG_WARN_ENUM_CONVERSION = YES;
				CLANG_WARN_INFINITE_RECURSION = YES;
				CLANG_WARN_INT_CONVERSION = YES;
				CLANG_WARN_NON_LITERAL_NULL_CONVERSION = YES;
				CLANG_WARN_OBJC_IMPLICIT_RETAIN_SELF = YES;
				CLANG_WARN_OBJC_LITERAL_CONVERSION = YES;
				CLANG_WARN_OBJC_ROOT_CLASS = YES_ERROR;
				CLANG_WARN_RANGE_LOOP_ANALYSIS = YES;
				CLANG_WARN_STRICT_PROTOTYPES = YES;
				CLANG_WARN_SUSPICIOUS_MOVE = YES;
				CLANG_WARN_UNREACHABLE_CODE = YES;
				CLANG_WARN__DUPLICATE_METHOD_MATCH = YES;
				"CODE_SIGN_IDENTITY[sdk=iphoneos*]" = "iPhone Developer";
				COPY_PHASE_STRIP = NO;
				DEBUG_INFORMATION_FORMAT = "dwarf-with-dsym";
				ENABLE_NS_ASSERTIONS = NO;
				ENABLE_STRICT_OBJC_MSGSEND = YES;
				GCC_C_LANGUAGE_STANDARD = gnu99;
				GCC_NO_COMMON_BLOCKS = YES;
				GCC_WARN_64_TO_32_BIT_CONVERSION = YES;
				GCC_WARN_ABOUT_RETURN_TYPE = YES_ERROR;
				GCC_WARN_UNDECLARED_SELECTOR = YES;
				GCC_WARN_UNINITIALIZED_AUTOS = YES_AGGRESSIVE;
				GCC_WARN_UNUSED_FUNCTION = YES;
				GCC_WARN_UNUSED_VARIABLE = YES;
				IPHONEOS_DEPLOYMENT_TARGET = 10.3;
				MTL_ENABLE_DEBUG_INFO = NO;
				SDKROOT = iphoneos;
				SWIFT_OPTIMIZATION_LEVEL = "-Owholemodule";
				VALIDATE_PRODUCT = YES;
			};
			name = Release;
		};
		E380AB401F23735F0034EA8F /* Debug */ = {
			isa = XCBuildConfiguration;
			baseConfigurationReference = 58F06D7142BEEE9F74DD4C7B /* Pods-RunningApp.debug.xcconfig */;
			buildSettings = {
				ASSETCATALOG_COMPILER_APPICON_NAME = AppIcon;
				"CODE_SIGN_IDENTITY[sdk=iphoneos*]" = "iPhone Developer";
				CODE_SIGN_STYLE = Automatic;
				DEVELOPMENT_TEAM = 8S39MY764C;
				INFOPLIST_FILE = RunningApp/Info.plist;
				IPHONEOS_DEPLOYMENT_TARGET = 11.0;
				LD_RUNPATH_SEARCH_PATHS = "$(inherited) @executable_path/Frameworks";
				PRODUCT_BUNDLE_IDENTIFIER = com.ryokagaya.runkit;
				PRODUCT_NAME = "$(TARGET_NAME)";
				PROVISIONING_PROFILE_SPECIFIER = "";
				SWIFT_SWIFT3_OBJC_INFERENCE = On;
				SWIFT_VERSION = 4.0;
			};
			name = Debug;
		};
		E380AB411F23735F0034EA8F /* Release */ = {
			isa = XCBuildConfiguration;
			baseConfigurationReference = B52ED86E09986E423E72B09E /* Pods-RunningApp.release.xcconfig */;
			buildSettings = {
				ASSETCATALOG_COMPILER_APPICON_NAME = AppIcon;
				"CODE_SIGN_IDENTITY[sdk=iphoneos*]" = "iPhone Developer";
				CODE_SIGN_STYLE = Automatic;
				DEVELOPMENT_TEAM = 8S39MY764C;
				INFOPLIST_FILE = RunningApp/Info.plist;
				IPHONEOS_DEPLOYMENT_TARGET = 11.0;
				LD_RUNPATH_SEARCH_PATHS = "$(inherited) @executable_path/Frameworks";
				PRODUCT_BUNDLE_IDENTIFIER = com.ryokagaya.runkit;
				PRODUCT_NAME = "$(TARGET_NAME)";
				PROVISIONING_PROFILE_SPECIFIER = "";
				SWIFT_SWIFT3_OBJC_INFERENCE = On;
				SWIFT_VERSION = 4.0;
			};
			name = Release;
		};
/* End XCBuildConfiguration section */

/* Begin XCConfigurationList section */
		E380AB281F23735E0034EA8F /* Build configuration list for PBXProject "RunningApp" */ = {
			isa = XCConfigurationList;
			buildConfigurations = (
				E380AB3D1F23735F0034EA8F /* Debug */,
				E380AB3E1F23735F0034EA8F /* Release */,
			);
			defaultConfigurationIsVisible = 0;
			defaultConfigurationName = Release;
		};
		E380AB3F1F23735F0034EA8F /* Build configuration list for PBXNativeTarget "RunningApp" */ = {
			isa = XCConfigurationList;
			buildConfigurations = (
				E380AB401F23735F0034EA8F /* Debug */,
				E380AB411F23735F0034EA8F /* Release */,
			);
			defaultConfigurationIsVisible = 0;
			defaultConfigurationName = Release;
		};
/* End XCConfigurationList section */
	};
	rootObject = E380AB251F23735E0034EA8F /* Project object */;
}
